// !$*UTF8*$!
{
	archiveVersion = 1;
	classes = {
	};
	objectVersion = 52;
	objects = {

/* Begin PBXBuildFile section */
		D90C7F2E27A1F6C900D0AA27 /* AppDelegate.swift in Sources */ = {isa = PBXBuildFile; fileRef = D90C7F2D27A1F6C900D0AA27 /* AppDelegate.swift */; };
		D90C7F3027A1F6C900D0AA27 /* SceneDelegate.swift in Sources */ = {isa = PBXBuildFile; fileRef = D90C7F2F27A1F6C900D0AA27 /* SceneDelegate.swift */; };
		D90C7F3727A1F6CD00D0AA27 /* Assets.xcassets in Resources */ = {isa = PBXBuildFile; fileRef = D90C7F3627A1F6CD00D0AA27 /* Assets.xcassets */; };
		D90C7F3A27A1F6CD00D0AA27 /* LaunchScreen.storyboard in Resources */ = {isa = PBXBuildFile; fileRef = D90C7F3827A1F6CD00D0AA27 /* LaunchScreen.storyboard */; };
		D90C7F4527A1F6CE00D0AA27 /* MarvelTests.swift in Sources */ = {isa = PBXBuildFile; fileRef = D90C7F4427A1F6CE00D0AA27 /* MarvelTests.swift */; };
		D90C7F5027A1F6CE00D0AA27 /* MarvelUITests.swift in Sources */ = {isa = PBXBuildFile; fileRef = D90C7F4F27A1F6CE00D0AA27 /* MarvelUITests.swift */; };
		D90C7F6727A1FD1F00D0AA27 /* Splash.xcassets in Resources */ = {isa = PBXBuildFile; fileRef = D90C7F6627A1FD1F00D0AA27 /* Splash.xcassets */; };
		D90C7F6A27A200B700D0AA27 /* Configuration.swift in Sources */ = {isa = PBXBuildFile; fileRef = D90C7F6927A200B700D0AA27 /* Configuration.swift */; };
		D90C7F6D27A2011B00D0AA27 /* MarvelConstants.swift in Sources */ = {isa = PBXBuildFile; fileRef = D90C7F6C27A2011B00D0AA27 /* MarvelConstants.swift */; };
		D90C7F7327A3289300D0AA27 /* NetworkRequest.swift in Sources */ = {isa = PBXBuildFile; fileRef = D90C7F7227A3289300D0AA27 /* NetworkRequest.swift */; };
		D90C7F7627A328DE00D0AA27 /* ApiResource.swift in Sources */ = {isa = PBXBuildFile; fileRef = D90C7F7527A328DE00D0AA27 /* ApiResource.swift */; };
		D90C7F7827A32C7B00D0AA27 /* CharactersListResource.swift in Sources */ = {isa = PBXBuildFile; fileRef = D90C7F7727A32C7B00D0AA27 /* CharactersListResource.swift */; };
		D90C7F7A27A32CC600D0AA27 /* PaginatedResponse.swift in Sources */ = {isa = PBXBuildFile; fileRef = D90C7F7927A32CC600D0AA27 /* PaginatedResponse.swift */; };
		D90C7F7F27A3335C00D0AA27 /* Image.swift in Sources */ = {isa = PBXBuildFile; fileRef = D90C7F7E27A3335C00D0AA27 /* Image.swift */; };
		D90C7F8127A333A400D0AA27 /* Comics.swift in Sources */ = {isa = PBXBuildFile; fileRef = D90C7F8027A333A400D0AA27 /* Comics.swift */; };
		D90C7F8427A333CD00D0AA27 /* Stories.swift in Sources */ = {isa = PBXBuildFile; fileRef = D90C7F8327A333CD00D0AA27 /* Stories.swift */; };
		D90C7F8727A3342200D0AA27 /* URLElement.swift in Sources */ = {isa = PBXBuildFile; fileRef = D90C7F8627A3342200D0AA27 /* URLElement.swift */; };
		D90C7F8B27A3363900D0AA27 /* Character.swift in Sources */ = {isa = PBXBuildFile; fileRef = D90C7F8A27A3363900D0AA27 /* Character.swift */; };
		D90C7F8D27A339B800D0AA27 /* ApRequest.swift in Sources */ = {isa = PBXBuildFile; fileRef = D90C7F8C27A339B800D0AA27 /* ApRequest.swift */; };
		D90C7F9627A33EE000D0AA27 /* SplashConfiguration.swift in Sources */ = {isa = PBXBuildFile; fileRef = D90C7F8E27A33EDF00D0AA27 /* SplashConfiguration.swift */; };
		D90C7F9727A33EE000D0AA27 /* SplashPresenter.swift in Sources */ = {isa = PBXBuildFile; fileRef = D90C7F8F27A33EDF00D0AA27 /* SplashPresenter.swift */; };
		D90C7F9827A33EE000D0AA27 /* SplashRouter.swift in Sources */ = {isa = PBXBuildFile; fileRef = D90C7F9027A33EE000D0AA27 /* SplashRouter.swift */; };
		D90C7F9927A33EE000D0AA27 /* SplashViewController.swift in Sources */ = {isa = PBXBuildFile; fileRef = D90C7F9127A33EE000D0AA27 /* SplashViewController.swift */; };
		D90C7F9A27A33EE000D0AA27 /* SplashInteractor.swift in Sources */ = {isa = PBXBuildFile; fileRef = D90C7F9227A33EE000D0AA27 /* SplashInteractor.swift */; };
		D90C7F9B27A33EE000D0AA27 /* SplashModel.swift in Sources */ = {isa = PBXBuildFile; fileRef = D90C7F9327A33EE000D0AA27 /* SplashModel.swift */; };
		D90C7F9C27A33EE000D0AA27 /* SplashViewController.xib in Resources */ = {isa = PBXBuildFile; fileRef = D90C7F9427A33EE000D0AA27 /* SplashViewController.xib */; };
		D90C7F9D27A33EE000D0AA27 /* SplashManager.swift in Sources */ = {isa = PBXBuildFile; fileRef = D90C7F9527A33EE000D0AA27 /* SplashManager.swift */; };
		D90C7F9E27A34E4B00D0AA27 /* Configurations.plist in Resources */ = {isa = PBXBuildFile; fileRef = D90C7F6527A1FAE100D0AA27 /* Configurations.plist */; };
		D90C7FA027A35BD800D0AA27 /* ComicsItem.swift in Sources */ = {isa = PBXBuildFile; fileRef = D90C7F9F27A35BD800D0AA27 /* ComicsItem.swift */; };
		D90C7FA327A35C4300D0AA27 /* StoriesItem.swift in Sources */ = {isa = PBXBuildFile; fileRef = D90C7FA227A35C4300D0AA27 /* StoriesItem.swift */; };
		D90C7FAF27A5403000D0AA27 /* BaseViewController.swift in Sources */ = {isa = PBXBuildFile; fileRef = D90C7FA727A5403000D0AA27 /* BaseViewController.swift */; };
		D90C7FB127A5403000D0AA27 /* BaseModel.swift in Sources */ = {isa = PBXBuildFile; fileRef = D90C7FA927A5403000D0AA27 /* BaseModel.swift */; };
		D90C7FB327A5403000D0AA27 /* BaseManager.swift in Sources */ = {isa = PBXBuildFile; fileRef = D90C7FAB27A5403000D0AA27 /* BaseManager.swift */; };
		D90C7FB627A54F9200D0AA27 /* RxSwift in Frameworks */ = {isa = PBXBuildFile; productRef = D90C7FB527A54F9200D0AA27 /* RxSwift */; };
		D90C7FB827A54F9200D0AA27 /* RxCocoa in Frameworks */ = {isa = PBXBuildFile; productRef = D90C7FB727A54F9200D0AA27 /* RxCocoa */; };
		D90C7FBA27A5576800D0AA27 /* ErrorResult.swift in Sources */ = {isa = PBXBuildFile; fileRef = D90C7FB927A5576800D0AA27 /* ErrorResult.swift */; };
		D90C7FBF27A55C0900D0AA27 /* Base.strings in Resources */ = {isa = PBXBuildFile; fileRef = D90C7FBE27A55C0900D0AA27 /* Base.strings */; };
		D90C7FC127A55C6800D0AA27 /* Localized.swift in Sources */ = {isa = PBXBuildFile; fileRef = D90C7FC027A55C6800D0AA27 /* Localized.swift */; };
		D90C7FC327A55D0900D0AA27 /* LocationSettings.swift in Sources */ = {isa = PBXBuildFile; fileRef = D90C7FC227A55D0900D0AA27 /* LocationSettings.swift */; };
		D90C7FC527A577AD00D0AA27 /* VCAlertExtension.swift in Sources */ = {isa = PBXBuildFile; fileRef = D90C7FC427A577AD00D0AA27 /* VCAlertExtension.swift */; };
		D90C7FC727A592F700D0AA27 /* ScreenSize.swift in Sources */ = {isa = PBXBuildFile; fileRef = D90C7FC627A592F700D0AA27 /* ScreenSize.swift */; };
		D90C7FD027A59A1D00D0AA27 /* CharacterListConfiguration.swift in Sources */ = {isa = PBXBuildFile; fileRef = D90C7FC827A59A1C00D0AA27 /* CharacterListConfiguration.swift */; };
		D90C7FD127A59A1D00D0AA27 /* CharacterListPresenter.swift in Sources */ = {isa = PBXBuildFile; fileRef = D90C7FC927A59A1D00D0AA27 /* CharacterListPresenter.swift */; };
		D90C7FD227A59A1D00D0AA27 /* CharacterListRouter.swift in Sources */ = {isa = PBXBuildFile; fileRef = D90C7FCA27A59A1D00D0AA27 /* CharacterListRouter.swift */; };
		D90C7FD327A59A1D00D0AA27 /* CharacterListViewController.swift in Sources */ = {isa = PBXBuildFile; fileRef = D90C7FCB27A59A1D00D0AA27 /* CharacterListViewController.swift */; };
		D90C7FD427A59A1D00D0AA27 /* CharacterListInteractor.swift in Sources */ = {isa = PBXBuildFile; fileRef = D90C7FCC27A59A1D00D0AA27 /* CharacterListInteractor.swift */; };
		D90C7FD527A59A1D00D0AA27 /* CharacterListModel.swift in Sources */ = {isa = PBXBuildFile; fileRef = D90C7FCD27A59A1D00D0AA27 /* CharacterListModel.swift */; };
		D90C7FD627A59A1D00D0AA27 /* CharacterListViewController.xib in Resources */ = {isa = PBXBuildFile; fileRef = D90C7FCE27A59A1D00D0AA27 /* CharacterListViewController.xib */; };
		D90C7FD727A59A1D00D0AA27 /* CharacterListManager.swift in Sources */ = {isa = PBXBuildFile; fileRef = D90C7FCF27A59A1D00D0AA27 /* CharacterListManager.swift */; };
		D90C7FD927A59B1200D0AA27 /* AppRoute.swift in Sources */ = {isa = PBXBuildFile; fileRef = D90C7FD827A59B1200D0AA27 /* AppRoute.swift */; };
		D90C7FDD27A5A26000D0AA27 /* GeneralRoute.swift in Sources */ = {isa = PBXBuildFile; fileRef = D90C7FDC27A5A26000D0AA27 /* GeneralRoute.swift */; };
		D90C7FE127A5BE7B00D0AA27 /* ListCollectionViewCell.swift in Sources */ = {isa = PBXBuildFile; fileRef = D90C7FDF27A5BE7B00D0AA27 /* ListCollectionViewCell.swift */; };
		D90C7FE227A5BE7B00D0AA27 /* ListCollectionViewCell.xib in Resources */ = {isa = PBXBuildFile; fileRef = D90C7FE027A5BE7B00D0AA27 /* ListCollectionViewCell.xib */; };
		D90C7FE527A5C60100D0AA27 /* NavigationBar.swift in Sources */ = {isa = PBXBuildFile; fileRef = D90C7FE427A5C60100D0AA27 /* NavigationBar.swift */; };
		D90C7FE727A5C63900D0AA27 /* ColorExtension.swift in Sources */ = {isa = PBXBuildFile; fileRef = D90C7FE627A5C63900D0AA27 /* ColorExtension.swift */; };
		D90C7FE927A5F11200D0AA27 /* SeriesList.swift in Sources */ = {isa = PBXBuildFile; fileRef = D90C7FE827A5F11200D0AA27 /* SeriesList.swift */; };
		D90C7FEB27A5F12200D0AA27 /* StoryList.swift in Sources */ = {isa = PBXBuildFile; fileRef = D90C7FEA27A5F12200D0AA27 /* StoryList.swift */; };
		D90C7FED27A5F14100D0AA27 /* SeriesSummary.swift in Sources */ = {isa = PBXBuildFile; fileRef = D90C7FEC27A5F14100D0AA27 /* SeriesSummary.swift */; };
		D90C7FEF27A5F16600D0AA27 /* StorySummary.swift in Sources */ = {isa = PBXBuildFile; fileRef = D90C7FEE27A5F16600D0AA27 /* StorySummary.swift */; };
		D99CFA5E27A72A3700B6B39E /* CharacterDetailConfiguration.swift in Sources */ = {isa = PBXBuildFile; fileRef = D99CFA5627A72A3700B6B39E /* CharacterDetailConfiguration.swift */; };
		D99CFA5F27A72A3700B6B39E /* CharacterDetailPresenter.swift in Sources */ = {isa = PBXBuildFile; fileRef = D99CFA5727A72A3700B6B39E /* CharacterDetailPresenter.swift */; };
		D99CFA6027A72A3700B6B39E /* CharacterDetailRouter.swift in Sources */ = {isa = PBXBuildFile; fileRef = D99CFA5827A72A3700B6B39E /* CharacterDetailRouter.swift */; };
		D99CFA6127A72A3700B6B39E /* CharacterDetailViewController.swift in Sources */ = {isa = PBXBuildFile; fileRef = D99CFA5927A72A3700B6B39E /* CharacterDetailViewController.swift */; };
		D99CFA6227A72A3700B6B39E /* CharacterDetailInteractor.swift in Sources */ = {isa = PBXBuildFile; fileRef = D99CFA5A27A72A3700B6B39E /* CharacterDetailInteractor.swift */; };
		D99CFA6327A72A3700B6B39E /* CharacterDetailModel.swift in Sources */ = {isa = PBXBuildFile; fileRef = D99CFA5B27A72A3700B6B39E /* CharacterDetailModel.swift */; };
		D99CFA6427A72A3700B6B39E /* CharacterDetailViewController.xib in Resources */ = {isa = PBXBuildFile; fileRef = D99CFA5C27A72A3700B6B39E /* CharacterDetailViewController.xib */; };
		D99CFA6527A72A3700B6B39E /* CharacterDetailManager.swift in Sources */ = {isa = PBXBuildFile; fileRef = D99CFA5D27A72A3700B6B39E /* CharacterDetailManager.swift */; };
		D99CFA6727A7428A00B6B39E /* GradientView.swift in Sources */ = {isa = PBXBuildFile; fileRef = D99CFA6627A7428A00B6B39E /* GradientView.swift */; };
		D99CFA6B27A74ABB00B6B39E /* DetailViewCell.swift in Sources */ = {isa = PBXBuildFile; fileRef = D99CFA6927A74ABB00B6B39E /* DetailViewCell.swift */; };
		D99CFA6C27A74ABB00B6B39E /* DetailViewCell.xib in Resources */ = {isa = PBXBuildFile; fileRef = D99CFA6A27A74ABB00B6B39E /* DetailViewCell.xib */; };
		D99CFA6F27A74AE000B6B39E /* StorieViewCell.swift in Sources */ = {isa = PBXBuildFile; fileRef = D99CFA6D27A74AE000B6B39E /* StorieViewCell.swift */; };
		D99CFA7027A74AE000B6B39E /* StorieViewCell.xib in Resources */ = {isa = PBXBuildFile; fileRef = D99CFA6E27A74AE000B6B39E /* StorieViewCell.xib */; };
		D9A8153027A5FF5A00A8EB30 /* CardCollectionViewCell.swift in Sources */ = {isa = PBXBuildFile; fileRef = D9A8152E27A5FF5A00A8EB30 /* CardCollectionViewCell.swift */; };
		D9A8153127A5FF5A00A8EB30 /* CardCollectionViewCell.xib in Resources */ = {isa = PBXBuildFile; fileRef = D9A8152F27A5FF5A00A8EB30 /* CardCollectionViewCell.xib */; };
		D9A8153327A69C2A00A8EB30 /* InfoView.swift in Sources */ = {isa = PBXBuildFile; fileRef = D9A8153227A69C2A00A8EB30 /* InfoView.swift */; };
		D9A8153527A6B40200A8EB30 /* InfoCell.strings in Resources */ = {isa = PBXBuildFile; fileRef = D9A8153427A6B40200A8EB30 /* InfoCell.strings */; };
		D9A8153727A6C4A300A8EB30 /* ImageRequest.swift in Sources */ = {isa = PBXBuildFile; fileRef = D9A8153627A6C4A300A8EB30 /* ImageRequest.swift */; };
		D9DC6B0927A70AE8004005AB /* BasePresenter.swift in Sources */ = {isa = PBXBuildFile; fileRef = D9DC6B0827A70AE7004005AB /* BasePresenter.swift */; };
/* End PBXBuildFile section */

/* Begin PBXContainerItemProxy section */
		D90C7F4127A1F6CE00D0AA27 /* PBXContainerItemProxy */ = {
			isa = PBXContainerItemProxy;
			containerPortal = D90C7F2227A1F6C900D0AA27 /* Project object */;
			proxyType = 1;
			remoteGlobalIDString = D90C7F2927A1F6C900D0AA27;
			remoteInfo = Marvel;
		};
		D90C7F4C27A1F6CE00D0AA27 /* PBXContainerItemProxy */ = {
			isa = PBXContainerItemProxy;
			containerPortal = D90C7F2227A1F6C900D0AA27 /* Project object */;
			proxyType = 1;
			remoteGlobalIDString = D90C7F2927A1F6C900D0AA27;
			remoteInfo = Marvel;
		};
/* End PBXContainerItemProxy section */

/* Begin PBXFileReference section */
		D90C7F2A27A1F6C900D0AA27 /* Marvel.app */ = {isa = PBXFileReference; explicitFileType = wrapper.application; includeInIndex = 0; path = Marvel.app; sourceTree = BUILT_PRODUCTS_DIR; };
		D90C7F2D27A1F6C900D0AA27 /* AppDelegate.swift */ = {isa = PBXFileReference; lastKnownFileType = sourcecode.swift; path = AppDelegate.swift; sourceTree = "<group>"; };
		D90C7F2F27A1F6C900D0AA27 /* SceneDelegate.swift */ = {isa = PBXFileReference; lastKnownFileType = sourcecode.swift; path = SceneDelegate.swift; sourceTree = "<group>"; };
		D90C7F3627A1F6CD00D0AA27 /* Assets.xcassets */ = {isa = PBXFileReference; lastKnownFileType = folder.assetcatalog; path = Assets.xcassets; sourceTree = "<group>"; };
		D90C7F3927A1F6CD00D0AA27 /* Base */ = {isa = PBXFileReference; lastKnownFileType = file.storyboard; name = Base; path = Base.lproj/LaunchScreen.storyboard; sourceTree = "<group>"; };
		D90C7F3B27A1F6CD00D0AA27 /* Info.plist */ = {isa = PBXFileReference; lastKnownFileType = text.plist.xml; path = Info.plist; sourceTree = "<group>"; };
		D90C7F4027A1F6CE00D0AA27 /* MarvelTests.xctest */ = {isa = PBXFileReference; explicitFileType = wrapper.cfbundle; includeInIndex = 0; path = MarvelTests.xctest; sourceTree = BUILT_PRODUCTS_DIR; };
		D90C7F4427A1F6CE00D0AA27 /* MarvelTests.swift */ = {isa = PBXFileReference; lastKnownFileType = sourcecode.swift; path = MarvelTests.swift; sourceTree = "<group>"; };
		D90C7F4627A1F6CE00D0AA27 /* Info.plist */ = {isa = PBXFileReference; lastKnownFileType = text.plist.xml; path = Info.plist; sourceTree = "<group>"; };
		D90C7F4B27A1F6CE00D0AA27 /* MarvelUITests.xctest */ = {isa = PBXFileReference; explicitFileType = wrapper.cfbundle; includeInIndex = 0; path = MarvelUITests.xctest; sourceTree = BUILT_PRODUCTS_DIR; };
		D90C7F4F27A1F6CE00D0AA27 /* MarvelUITests.swift */ = {isa = PBXFileReference; lastKnownFileType = sourcecode.swift; path = MarvelUITests.swift; sourceTree = "<group>"; };
		D90C7F5127A1F6CE00D0AA27 /* Info.plist */ = {isa = PBXFileReference; lastKnownFileType = text.plist.xml; path = Info.plist; sourceTree = "<group>"; };
		D90C7F6527A1FAE100D0AA27 /* Configurations.plist */ = {isa = PBXFileReference; lastKnownFileType = text.plist.xml; path = Configurations.plist; sourceTree = "<group>"; };
		D90C7F6627A1FD1F00D0AA27 /* Splash.xcassets */ = {isa = PBXFileReference; lastKnownFileType = folder.assetcatalog; path = Splash.xcassets; sourceTree = "<group>"; };
		D90C7F6927A200B700D0AA27 /* Configuration.swift */ = {isa = PBXFileReference; lastKnownFileType = sourcecode.swift; path = Configuration.swift; sourceTree = "<group>"; };
		D90C7F6C27A2011B00D0AA27 /* MarvelConstants.swift */ = {isa = PBXFileReference; lastKnownFileType = sourcecode.swift; path = MarvelConstants.swift; sourceTree = "<group>"; };
		D90C7F7227A3289300D0AA27 /* NetworkRequest.swift */ = {isa = PBXFileReference; lastKnownFileType = sourcecode.swift; path = NetworkRequest.swift; sourceTree = "<group>"; };
		D90C7F7527A328DE00D0AA27 /* ApiResource.swift */ = {isa = PBXFileReference; lastKnownFileType = sourcecode.swift; path = ApiResource.swift; sourceTree = "<group>"; };
		D90C7F7727A32C7B00D0AA27 /* CharactersListResource.swift */ = {isa = PBXFileReference; lastKnownFileType = sourcecode.swift; path = CharactersListResource.swift; sourceTree = "<group>"; };
		D90C7F7927A32CC600D0AA27 /* PaginatedResponse.swift */ = {isa = PBXFileReference; lastKnownFileType = sourcecode.swift; path = PaginatedResponse.swift; sourceTree = "<group>"; };
		D90C7F7E27A3335C00D0AA27 /* Image.swift */ = {isa = PBXFileReference; lastKnownFileType = sourcecode.swift; path = Image.swift; sourceTree = "<group>"; };
		D90C7F8027A333A400D0AA27 /* Comics.swift */ = {isa = PBXFileReference; lastKnownFileType = sourcecode.swift; path = Comics.swift; sourceTree = "<group>"; };
		D90C7F8327A333CD00D0AA27 /* Stories.swift */ = {isa = PBXFileReference; lastKnownFileType = sourcecode.swift; path = Stories.swift; sourceTree = "<group>"; };
		D90C7F8627A3342200D0AA27 /* URLElement.swift */ = {isa = PBXFileReference; lastKnownFileType = sourcecode.swift; path = URLElement.swift; sourceTree = "<group>"; };
		D90C7F8A27A3363900D0AA27 /* Character.swift */ = {isa = PBXFileReference; lastKnownFileType = sourcecode.swift; path = Character.swift; sourceTree = "<group>"; };
		D90C7F8C27A339B800D0AA27 /* ApRequest.swift */ = {isa = PBXFileReference; lastKnownFileType = sourcecode.swift; path = ApRequest.swift; sourceTree = "<group>"; };
		D90C7F8E27A33EDF00D0AA27 /* SplashConfiguration.swift */ = {isa = PBXFileReference; lastKnownFileType = sourcecode.swift; path = SplashConfiguration.swift; sourceTree = "<group>"; };
		D90C7F8F27A33EDF00D0AA27 /* SplashPresenter.swift */ = {isa = PBXFileReference; lastKnownFileType = sourcecode.swift; path = SplashPresenter.swift; sourceTree = "<group>"; };
		D90C7F9027A33EE000D0AA27 /* SplashRouter.swift */ = {isa = PBXFileReference; lastKnownFileType = sourcecode.swift; path = SplashRouter.swift; sourceTree = "<group>"; };
		D90C7F9127A33EE000D0AA27 /* SplashViewController.swift */ = {isa = PBXFileReference; lastKnownFileType = sourcecode.swift; path = SplashViewController.swift; sourceTree = "<group>"; };
		D90C7F9227A33EE000D0AA27 /* SplashInteractor.swift */ = {isa = PBXFileReference; lastKnownFileType = sourcecode.swift; path = SplashInteractor.swift; sourceTree = "<group>"; };
		D90C7F9327A33EE000D0AA27 /* SplashModel.swift */ = {isa = PBXFileReference; lastKnownFileType = sourcecode.swift; path = SplashModel.swift; sourceTree = "<group>"; };
		D90C7F9427A33EE000D0AA27 /* SplashViewController.xib */ = {isa = PBXFileReference; lastKnownFileType = file.xib; path = SplashViewController.xib; sourceTree = "<group>"; };
		D90C7F9527A33EE000D0AA27 /* SplashManager.swift */ = {isa = PBXFileReference; lastKnownFileType = sourcecode.swift; path = SplashManager.swift; sourceTree = "<group>"; };
		D90C7F9F27A35BD800D0AA27 /* ComicsItem.swift */ = {isa = PBXFileReference; lastKnownFileType = sourcecode.swift; path = ComicsItem.swift; sourceTree = "<group>"; };
		D90C7FA227A35C4300D0AA27 /* StoriesItem.swift */ = {isa = PBXFileReference; lastKnownFileType = sourcecode.swift; path = StoriesItem.swift; sourceTree = "<group>"; };
		D90C7FA727A5403000D0AA27 /* BaseViewController.swift */ = {isa = PBXFileReference; lastKnownFileType = sourcecode.swift; path = BaseViewController.swift; sourceTree = "<group>"; };
		D90C7FA927A5403000D0AA27 /* BaseModel.swift */ = {isa = PBXFileReference; lastKnownFileType = sourcecode.swift; path = BaseModel.swift; sourceTree = "<group>"; };
		D90C7FAB27A5403000D0AA27 /* BaseManager.swift */ = {isa = PBXFileReference; lastKnownFileType = sourcecode.swift; path = BaseManager.swift; sourceTree = "<group>"; };
		D90C7FB927A5576800D0AA27 /* ErrorResult.swift */ = {isa = PBXFileReference; lastKnownFileType = sourcecode.swift; path = ErrorResult.swift; sourceTree = "<group>"; };
		D90C7FBE27A55C0900D0AA27 /* Base.strings */ = {isa = PBXFileReference; lastKnownFileType = text.plist.strings; path = Base.strings; sourceTree = "<group>"; };
		D90C7FC027A55C6800D0AA27 /* Localized.swift */ = {isa = PBXFileReference; lastKnownFileType = sourcecode.swift; path = Localized.swift; sourceTree = "<group>"; };
		D90C7FC227A55D0900D0AA27 /* LocationSettings.swift */ = {isa = PBXFileReference; lastKnownFileType = sourcecode.swift; path = LocationSettings.swift; sourceTree = "<group>"; };
		D90C7FC427A577AD00D0AA27 /* VCAlertExtension.swift */ = {isa = PBXFileReference; lastKnownFileType = sourcecode.swift; path = VCAlertExtension.swift; sourceTree = "<group>"; };
		D90C7FC627A592F700D0AA27 /* ScreenSize.swift */ = {isa = PBXFileReference; lastKnownFileType = sourcecode.swift; path = ScreenSize.swift; sourceTree = "<group>"; };
		D90C7FC827A59A1C00D0AA27 /* CharacterListConfiguration.swift */ = {isa = PBXFileReference; lastKnownFileType = sourcecode.swift; path = CharacterListConfiguration.swift; sourceTree = "<group>"; };
		D90C7FC927A59A1D00D0AA27 /* CharacterListPresenter.swift */ = {isa = PBXFileReference; lastKnownFileType = sourcecode.swift; path = CharacterListPresenter.swift; sourceTree = "<group>"; };
		D90C7FCA27A59A1D00D0AA27 /* CharacterListRouter.swift */ = {isa = PBXFileReference; lastKnownFileType = sourcecode.swift; path = CharacterListRouter.swift; sourceTree = "<group>"; };
		D90C7FCB27A59A1D00D0AA27 /* CharacterListViewController.swift */ = {isa = PBXFileReference; lastKnownFileType = sourcecode.swift; path = CharacterListViewController.swift; sourceTree = "<group>"; };
		D90C7FCC27A59A1D00D0AA27 /* CharacterListInteractor.swift */ = {isa = PBXFileReference; lastKnownFileType = sourcecode.swift; path = CharacterListInteractor.swift; sourceTree = "<group>"; };
		D90C7FCD27A59A1D00D0AA27 /* CharacterListModel.swift */ = {isa = PBXFileReference; lastKnownFileType = sourcecode.swift; path = CharacterListModel.swift; sourceTree = "<group>"; };
		D90C7FCE27A59A1D00D0AA27 /* CharacterListViewController.xib */ = {isa = PBXFileReference; lastKnownFileType = file.xib; path = CharacterListViewController.xib; sourceTree = "<group>"; };
		D90C7FCF27A59A1D00D0AA27 /* CharacterListManager.swift */ = {isa = PBXFileReference; lastKnownFileType = sourcecode.swift; path = CharacterListManager.swift; sourceTree = "<group>"; };
		D90C7FD827A59B1200D0AA27 /* AppRoute.swift */ = {isa = PBXFileReference; lastKnownFileType = sourcecode.swift; path = AppRoute.swift; sourceTree = "<group>"; };
		D90C7FDC27A5A26000D0AA27 /* GeneralRoute.swift */ = {isa = PBXFileReference; lastKnownFileType = sourcecode.swift; path = GeneralRoute.swift; sourceTree = "<group>"; };
		D90C7FDF27A5BE7B00D0AA27 /* ListCollectionViewCell.swift */ = {isa = PBXFileReference; lastKnownFileType = sourcecode.swift; path = ListCollectionViewCell.swift; sourceTree = "<group>"; };
		D90C7FE027A5BE7B00D0AA27 /* ListCollectionViewCell.xib */ = {isa = PBXFileReference; lastKnownFileType = file.xib; path = ListCollectionViewCell.xib; sourceTree = "<group>"; };
		D90C7FE427A5C60100D0AA27 /* NavigationBar.swift */ = {isa = PBXFileReference; lastKnownFileType = sourcecode.swift; path = NavigationBar.swift; sourceTree = "<group>"; };
		D90C7FE627A5C63900D0AA27 /* ColorExtension.swift */ = {isa = PBXFileReference; lastKnownFileType = sourcecode.swift; path = ColorExtension.swift; sourceTree = "<group>"; };
		D90C7FE827A5F11200D0AA27 /* SeriesList.swift */ = {isa = PBXFileReference; lastKnownFileType = sourcecode.swift; path = SeriesList.swift; sourceTree = "<group>"; };
		D90C7FEA27A5F12200D0AA27 /* StoryList.swift */ = {isa = PBXFileReference; lastKnownFileType = sourcecode.swift; path = StoryList.swift; sourceTree = "<group>"; };
		D90C7FEC27A5F14100D0AA27 /* SeriesSummary.swift */ = {isa = PBXFileReference; lastKnownFileType = sourcecode.swift; path = SeriesSummary.swift; sourceTree = "<group>"; };
		D90C7FEE27A5F16600D0AA27 /* StorySummary.swift */ = {isa = PBXFileReference; lastKnownFileType = sourcecode.swift; path = StorySummary.swift; sourceTree = "<group>"; };
		D99CFA5627A72A3700B6B39E /* CharacterDetailConfiguration.swift */ = {isa = PBXFileReference; lastKnownFileType = sourcecode.swift; path = CharacterDetailConfiguration.swift; sourceTree = "<group>"; };
		D99CFA5727A72A3700B6B39E /* CharacterDetailPresenter.swift */ = {isa = PBXFileReference; lastKnownFileType = sourcecode.swift; path = CharacterDetailPresenter.swift; sourceTree = "<group>"; };
		D99CFA5827A72A3700B6B39E /* CharacterDetailRouter.swift */ = {isa = PBXFileReference; lastKnownFileType = sourcecode.swift; path = CharacterDetailRouter.swift; sourceTree = "<group>"; };
		D99CFA5927A72A3700B6B39E /* CharacterDetailViewController.swift */ = {isa = PBXFileReference; lastKnownFileType = sourcecode.swift; path = CharacterDetailViewController.swift; sourceTree = "<group>"; };
		D99CFA5A27A72A3700B6B39E /* CharacterDetailInteractor.swift */ = {isa = PBXFileReference; lastKnownFileType = sourcecode.swift; path = CharacterDetailInteractor.swift; sourceTree = "<group>"; };
		D99CFA5B27A72A3700B6B39E /* CharacterDetailModel.swift */ = {isa = PBXFileReference; lastKnownFileType = sourcecode.swift; path = CharacterDetailModel.swift; sourceTree = "<group>"; };
		D99CFA5C27A72A3700B6B39E /* CharacterDetailViewController.xib */ = {isa = PBXFileReference; lastKnownFileType = file.xib; path = CharacterDetailViewController.xib; sourceTree = "<group>"; };
		D99CFA5D27A72A3700B6B39E /* CharacterDetailManager.swift */ = {isa = PBXFileReference; lastKnownFileType = sourcecode.swift; path = CharacterDetailManager.swift; sourceTree = "<group>"; };
		D99CFA6627A7428A00B6B39E /* GradientView.swift */ = {isa = PBXFileReference; lastKnownFileType = sourcecode.swift; path = GradientView.swift; sourceTree = "<group>"; };
		D99CFA6927A74ABB00B6B39E /* DetailViewCell.swift */ = {isa = PBXFileReference; lastKnownFileType = sourcecode.swift; path = DetailViewCell.swift; sourceTree = "<group>"; };
		D99CFA6A27A74ABB00B6B39E /* DetailViewCell.xib */ = {isa = PBXFileReference; lastKnownFileType = file.xib; path = DetailViewCell.xib; sourceTree = "<group>"; };
		D99CFA6D27A74AE000B6B39E /* StorieViewCell.swift */ = {isa = PBXFileReference; lastKnownFileType = sourcecode.swift; path = StorieViewCell.swift; sourceTree = "<group>"; };
		D99CFA6E27A74AE000B6B39E /* StorieViewCell.xib */ = {isa = PBXFileReference; lastKnownFileType = file.xib; path = StorieViewCell.xib; sourceTree = "<group>"; };
		D9A8152E27A5FF5A00A8EB30 /* CardCollectionViewCell.swift */ = {isa = PBXFileReference; lastKnownFileType = sourcecode.swift; path = CardCollectionViewCell.swift; sourceTree = "<group>"; };
		D9A8152F27A5FF5A00A8EB30 /* CardCollectionViewCell.xib */ = {isa = PBXFileReference; lastKnownFileType = file.xib; path = CardCollectionViewCell.xib; sourceTree = "<group>"; };
		D9A8153227A69C2A00A8EB30 /* InfoView.swift */ = {isa = PBXFileReference; lastKnownFileType = sourcecode.swift; path = InfoView.swift; sourceTree = "<group>"; };
		D9A8153427A6B40200A8EB30 /* InfoCell.strings */ = {isa = PBXFileReference; lastKnownFileType = text.plist.strings; path = InfoCell.strings; sourceTree = "<group>"; };
		D9A8153627A6C4A300A8EB30 /* ImageRequest.swift */ = {isa = PBXFileReference; lastKnownFileType = sourcecode.swift; path = ImageRequest.swift; sourceTree = "<group>"; };
		D9DC6B0827A70AE7004005AB /* BasePresenter.swift */ = {isa = PBXFileReference; lastKnownFileType = sourcecode.swift; path = BasePresenter.swift; sourceTree = "<group>"; };
/* End PBXFileReference section */

/* Begin PBXFrameworksBuildPhase section */
		D90C7F2727A1F6C900D0AA27 /* Frameworks */ = {
			isa = PBXFrameworksBuildPhase;
			buildActionMask = 2147483647;
			files = (
				D90C7FB827A54F9200D0AA27 /* RxCocoa in Frameworks */,
				D90C7FB627A54F9200D0AA27 /* RxSwift in Frameworks */,
			);
			runOnlyForDeploymentPostprocessing = 0;
		};
		D90C7F3D27A1F6CE00D0AA27 /* Frameworks */ = {
			isa = PBXFrameworksBuildPhase;
			buildActionMask = 2147483647;
			files = (
			);
			runOnlyForDeploymentPostprocessing = 0;
		};
		D90C7F4827A1F6CE00D0AA27 /* Frameworks */ = {
			isa = PBXFrameworksBuildPhase;
			buildActionMask = 2147483647;
			files = (
			);
			runOnlyForDeploymentPostprocessing = 0;
		};
/* End PBXFrameworksBuildPhase section */

/* Begin PBXGroup section */
		D90C7F2127A1F6C900D0AA27 = {
			isa = PBXGroup;
			children = (
				D90C7F2C27A1F6C900D0AA27 /* Marvel */,
				D90C7F4327A1F6CE00D0AA27 /* MarvelTests */,
				D90C7F4E27A1F6CE00D0AA27 /* MarvelUITests */,
				D90C7F2B27A1F6C900D0AA27 /* Products */,
			);
			sourceTree = "<group>";
		};
		D90C7F2B27A1F6C900D0AA27 /* Products */ = {
			isa = PBXGroup;
			children = (
				D90C7F2A27A1F6C900D0AA27 /* Marvel.app */,
				D90C7F4027A1F6CE00D0AA27 /* MarvelTests.xctest */,
				D90C7F4B27A1F6CE00D0AA27 /* MarvelUITests.xctest */,
			);
			name = Products;
			sourceTree = "<group>";
		};
		D90C7F2C27A1F6C900D0AA27 /* Marvel */ = {
			isa = PBXGroup;
			children = (
				D90C7F6427A1FA9600D0AA27 /* Assets */,
				D90C7F3827A1F6CD00D0AA27 /* LaunchScreen.storyboard */,
				D90C7F6827A2009500D0AA27 /* Common */,
				D90C7F5F27A1F82D00D0AA27 /* Modules */,
				D90C7F6327A1FA7D00D0AA27 /* SettingFiles */,
			);
			path = Marvel;
			sourceTree = "<group>";
		};
		D90C7F4327A1F6CE00D0AA27 /* MarvelTests */ = {
			isa = PBXGroup;
			children = (
				D90C7F4427A1F6CE00D0AA27 /* MarvelTests.swift */,
				D90C7F4627A1F6CE00D0AA27 /* Info.plist */,
			);
			path = MarvelTests;
			sourceTree = "<group>";
		};
		D90C7F4E27A1F6CE00D0AA27 /* MarvelUITests */ = {
			isa = PBXGroup;
			children = (
				D90C7F4F27A1F6CE00D0AA27 /* MarvelUITests.swift */,
				D90C7F5127A1F6CE00D0AA27 /* Info.plist */,
			);
			path = MarvelUITests;
			sourceTree = "<group>";
		};
		D90C7F5D27A1F80C00D0AA27 /* Network */ = {
			isa = PBXGroup;
			children = (
				D90C7F7427A328C200D0AA27 /* API */,
				D90C7F7927A32CC600D0AA27 /* PaginatedResponse.swift */,
				D90C7F7227A3289300D0AA27 /* NetworkRequest.swift */,
				D90C7F8C27A339B800D0AA27 /* ApRequest.swift */,
				D9A8153627A6C4A300A8EB30 /* ImageRequest.swift */,
			);
			path = Network;
			sourceTree = "<group>";
		};
		D90C7F5E27A1F82300D0AA27 /* Extension */ = {
			isa = PBXGroup;
			children = (
				D90C7FB927A5576800D0AA27 /* ErrorResult.swift */,
				D90C7FC427A577AD00D0AA27 /* VCAlertExtension.swift */,
				D90C7FE627A5C63900D0AA27 /* ColorExtension.swift */,
			);
			path = Extension;
			sourceTree = "<group>";
		};
		D90C7F5F27A1F82D00D0AA27 /* Modules */ = {
			isa = PBXGroup;
			children = (
				D90C7F6027A1F85500D0AA27 /* Base */,
				D90C7F6127A1F89E00D0AA27 /* Splash */,
				D90C7F6227A1F8A700D0AA27 /* CharacterList */,
				D90C7F7127A2085300D0AA27 /* CharacterDetail */,
			);
			path = Modules;
			sourceTree = "<group>";
		};
		D90C7F6027A1F85500D0AA27 /* Base */ = {
			isa = PBXGroup;
			children = (
				D90C7FAB27A5403000D0AA27 /* BaseManager.swift */,
				D90C7FA727A5403000D0AA27 /* BaseViewController.swift */,
				D90C7FA927A5403000D0AA27 /* BaseModel.swift */,
				D9DC6B0827A70AE7004005AB /* BasePresenter.swift */,
			);
			path = Base;
			sourceTree = "<group>";
		};
		D90C7F6127A1F89E00D0AA27 /* Splash */ = {
			isa = PBXGroup;
			children = (
				D90C7F8E27A33EDF00D0AA27 /* SplashConfiguration.swift */,
				D90C7F8F27A33EDF00D0AA27 /* SplashPresenter.swift */,
				D90C7F9027A33EE000D0AA27 /* SplashRouter.swift */,
				D90C7F9127A33EE000D0AA27 /* SplashViewController.swift */,
				D90C7F9227A33EE000D0AA27 /* SplashInteractor.swift */,
				D90C7F9327A33EE000D0AA27 /* SplashModel.swift */,
				D90C7F9427A33EE000D0AA27 /* SplashViewController.xib */,
				D90C7F9527A33EE000D0AA27 /* SplashManager.swift */,
			);
			path = Splash;
			sourceTree = "<group>";
		};
		D90C7F6227A1F8A700D0AA27 /* CharacterList */ = {
			isa = PBXGroup;
			children = (
				D90C7FDE27A5BE2200D0AA27 /* Cell */,
				D90C7FC827A59A1C00D0AA27 /* CharacterListConfiguration.swift */,
				D90C7FC927A59A1D00D0AA27 /* CharacterListPresenter.swift */,
				D90C7FCA27A59A1D00D0AA27 /* CharacterListRouter.swift */,
				D90C7FCB27A59A1D00D0AA27 /* CharacterListViewController.swift */,
				D90C7FCC27A59A1D00D0AA27 /* CharacterListInteractor.swift */,
				D90C7FCD27A59A1D00D0AA27 /* CharacterListModel.swift */,
				D90C7FCE27A59A1D00D0AA27 /* CharacterListViewController.xib */,
				D90C7FCF27A59A1D00D0AA27 /* CharacterListManager.swift */,
			);
			path = CharacterList;
			sourceTree = "<group>";
		};
		D90C7F6327A1FA7D00D0AA27 /* SettingFiles */ = {
			isa = PBXGroup;
			children = (
				D90C7F3B27A1F6CD00D0AA27 /* Info.plist */,
				D90C7F6527A1FAE100D0AA27 /* Configurations.plist */,
			);
			path = SettingFiles;
			sourceTree = "<group>";
		};
		D90C7F6427A1FA9600D0AA27 /* Assets */ = {
			isa = PBXGroup;
			children = (
				D90C7F3627A1F6CD00D0AA27 /* Assets.xcassets */,
				D90C7F6627A1FD1F00D0AA27 /* Splash.xcassets */,
			);
			path = Assets;
			sourceTree = "<group>";
		};
		D90C7F6827A2009500D0AA27 /* Common */ = {
			isa = PBXGroup;
			children = (
				D90C7FE327A5C5E900D0AA27 /* Custom */,
				D90C7FBD27A55BD700D0AA27 /* AppStrings */,
				D90C7F2D27A1F6C900D0AA27 /* AppDelegate.swift */,
				D90C7F2F27A1F6C900D0AA27 /* SceneDelegate.swift */,
				D90C7FDC27A5A26000D0AA27 /* GeneralRoute.swift */,
				D90C7FD827A59B1200D0AA27 /* AppRoute.swift */,
				D90C7F7027A206E700D0AA27 /* Helpers */,
				D90C7F7B27A3308A00D0AA27 /* Model */,
				D90C7F6E27A2066900D0AA27 /* Utils */,
				D90C7F5E27A1F82300D0AA27 /* Extension */,
			);
			path = Common;
			sourceTree = "<group>";
		};
		D90C7F6E27A2066900D0AA27 /* Utils */ = {
			isa = PBXGroup;
			children = (
				D90C7F6C27A2011B00D0AA27 /* MarvelConstants.swift */,
				D90C7FC627A592F700D0AA27 /* ScreenSize.swift */,
			);
			path = Utils;
			sourceTree = "<group>";
		};
		D90C7F7027A206E700D0AA27 /* Helpers */ = {
			isa = PBXGroup;
			children = (
				D90C7F6927A200B700D0AA27 /* Configuration.swift */,
				D90C7F5D27A1F80C00D0AA27 /* Network */,
			);
			path = Helpers;
			sourceTree = "<group>";
		};
		D90C7F7127A2085300D0AA27 /* CharacterDetail */ = {
			isa = PBXGroup;
			children = (
				D99CFA6827A74A3F00B6B39E /* Cell */,
				D99CFA5627A72A3700B6B39E /* CharacterDetailConfiguration.swift */,
				D99CFA5727A72A3700B6B39E /* CharacterDetailPresenter.swift */,
				D99CFA5827A72A3700B6B39E /* CharacterDetailRouter.swift */,
				D99CFA5927A72A3700B6B39E /* CharacterDetailViewController.swift */,
				D99CFA5A27A72A3700B6B39E /* CharacterDetailInteractor.swift */,
				D99CFA5B27A72A3700B6B39E /* CharacterDetailModel.swift */,
				D99CFA5C27A72A3700B6B39E /* CharacterDetailViewController.xib */,
				D99CFA5D27A72A3700B6B39E /* CharacterDetailManager.swift */,
			);
			path = CharacterDetail;
			sourceTree = "<group>";
		};
		D90C7F7427A328C200D0AA27 /* API */ = {
			isa = PBXGroup;
			children = (
				D90C7F7527A328DE00D0AA27 /* ApiResource.swift */,
				D90C7F7727A32C7B00D0AA27 /* CharactersListResource.swift */,
			);
			path = API;
			sourceTree = "<group>";
		};
		D90C7F7B27A3308A00D0AA27 /* Model */ = {
			isa = PBXGroup;
			children = (
				D90C7F8A27A3363900D0AA27 /* Character.swift */,
				D90C7F7E27A3335C00D0AA27 /* Image.swift */,
				D90C7F8027A333A400D0AA27 /* Comics.swift */,
				D90C7F9F27A35BD800D0AA27 /* ComicsItem.swift */,
				D90C7F8327A333CD00D0AA27 /* Stories.swift */,
				D90C7FA227A35C4300D0AA27 /* StoriesItem.swift */,
				D90C7F8627A3342200D0AA27 /* URLElement.swift */,
				D90C7FE827A5F11200D0AA27 /* SeriesList.swift */,
				D90C7FEC27A5F14100D0AA27 /* SeriesSummary.swift */,
				D90C7FEA27A5F12200D0AA27 /* StoryList.swift */,
				D90C7FEE27A5F16600D0AA27 /* StorySummary.swift */,
			);
			path = Model;
			sourceTree = "<group>";
		};
		D90C7FBD27A55BD700D0AA27 /* AppStrings */ = {
			isa = PBXGroup;
			children = (
				D90C7FBE27A55C0900D0AA27 /* Base.strings */,
				D9A8153427A6B40200A8EB30 /* InfoCell.strings */,
				D90C7FC027A55C6800D0AA27 /* Localized.swift */,
				D90C7FC227A55D0900D0AA27 /* LocationSettings.swift */,
			);
			path = AppStrings;
			sourceTree = "<group>";
		};
		D90C7FDE27A5BE2200D0AA27 /* Cell */ = {
			isa = PBXGroup;
			children = (
				D90C7FDF27A5BE7B00D0AA27 /* ListCollectionViewCell.swift */,
				D90C7FE027A5BE7B00D0AA27 /* ListCollectionViewCell.xib */,
				D9A8152E27A5FF5A00A8EB30 /* CardCollectionViewCell.swift */,
				D9A8152F27A5FF5A00A8EB30 /* CardCollectionViewCell.xib */,
			);
			path = Cell;
			sourceTree = "<group>";
		};
		D90C7FE327A5C5E900D0AA27 /* Custom */ = {
			isa = PBXGroup;
			children = (
				D90C7FE427A5C60100D0AA27 /* NavigationBar.swift */,
				D9A8153227A69C2A00A8EB30 /* InfoView.swift */,
				D99CFA6627A7428A00B6B39E /* GradientView.swift */,
			);
			path = Custom;
			sourceTree = "<group>";
		};
		D99CFA6827A74A3F00B6B39E /* Cell */ = {
			isa = PBXGroup;
			children = (
				D99CFA6927A74ABB00B6B39E /* DetailViewCell.swift */,
				D99CFA6A27A74ABB00B6B39E /* DetailViewCell.xib */,
				D99CFA6D27A74AE000B6B39E /* StorieViewCell.swift */,
				D99CFA6E27A74AE000B6B39E /* StorieViewCell.xib */,
			);
			path = Cell;
			sourceTree = "<group>";
		};
/* End PBXGroup section */

/* Begin PBXNativeTarget section */
		D90C7F2927A1F6C900D0AA27 /* Marvel */ = {
			isa = PBXNativeTarget;
			buildConfigurationList = D90C7F5427A1F6CE00D0AA27 /* Build configuration list for PBXNativeTarget "Marvel" */;
			buildPhases = (
				D90C7F2627A1F6C900D0AA27 /* Sources */,
				D90C7F2727A1F6C900D0AA27 /* Frameworks */,
				D90C7F2827A1F6C900D0AA27 /* Resources */,
			);
			buildRules = (
			);
			dependencies = (
			);
			name = Marvel;
			packageProductDependencies = (
				D90C7FB527A54F9200D0AA27 /* RxSwift */,
				D90C7FB727A54F9200D0AA27 /* RxCocoa */,
			);
			productName = Marvel;
			productReference = D90C7F2A27A1F6C900D0AA27 /* Marvel.app */;
			productType = "com.apple.product-type.application";
		};
		D90C7F3F27A1F6CE00D0AA27 /* MarvelTests */ = {
			isa = PBXNativeTarget;
			buildConfigurationList = D90C7F5727A1F6CE00D0AA27 /* Build configuration list for PBXNativeTarget "MarvelTests" */;
			buildPhases = (
				D90C7F3C27A1F6CE00D0AA27 /* Sources */,
				D90C7F3D27A1F6CE00D0AA27 /* Frameworks */,
				D90C7F3E27A1F6CE00D0AA27 /* Resources */,
			);
			buildRules = (
			);
			dependencies = (
				D90C7F4227A1F6CE00D0AA27 /* PBXTargetDependency */,
			);
			name = MarvelTests;
			productName = MarvelTests;
			productReference = D90C7F4027A1F6CE00D0AA27 /* MarvelTests.xctest */;
			productType = "com.apple.product-type.bundle.unit-test";
		};
		D90C7F4A27A1F6CE00D0AA27 /* MarvelUITests */ = {
			isa = PBXNativeTarget;
			buildConfigurationList = D90C7F5A27A1F6CE00D0AA27 /* Build configuration list for PBXNativeTarget "MarvelUITests" */;
			buildPhases = (
				D90C7F4727A1F6CE00D0AA27 /* Sources */,
				D90C7F4827A1F6CE00D0AA27 /* Frameworks */,
				D90C7F4927A1F6CE00D0AA27 /* Resources */,
			);
			buildRules = (
			);
			dependencies = (
				D90C7F4D27A1F6CE00D0AA27 /* PBXTargetDependency */,
			);
			name = MarvelUITests;
			productName = MarvelUITests;
			productReference = D90C7F4B27A1F6CE00D0AA27 /* MarvelUITests.xctest */;
			productType = "com.apple.product-type.bundle.ui-testing";
		};
/* End PBXNativeTarget section */

/* Begin PBXProject section */
		D90C7F2227A1F6C900D0AA27 /* Project object */ = {
			isa = PBXProject;
			attributes = {
				LastSwiftUpdateCheck = 1250;
				LastUpgradeCheck = 1250;
				TargetAttributes = {
					D90C7F2927A1F6C900D0AA27 = {
						CreatedOnToolsVersion = 12.5.1;
					};
					D90C7F3F27A1F6CE00D0AA27 = {
						CreatedOnToolsVersion = 12.5.1;
						TestTargetID = D90C7F2927A1F6C900D0AA27;
					};
					D90C7F4A27A1F6CE00D0AA27 = {
						CreatedOnToolsVersion = 12.5.1;
						TestTargetID = D90C7F2927A1F6C900D0AA27;
					};
				};
			};
			buildConfigurationList = D90C7F2527A1F6C900D0AA27 /* Build configuration list for PBXProject "Marvel" */;
			compatibilityVersion = "Xcode 9.3";
			developmentRegion = en;
			hasScannedForEncodings = 0;
			knownRegions = (
				en,
				Base,
			);
			mainGroup = D90C7F2127A1F6C900D0AA27;
			packageReferences = (
				D90C7FB427A54F9200D0AA27 /* XCRemoteSwiftPackageReference "RxSwift" */,
			);
			productRefGroup = D90C7F2B27A1F6C900D0AA27 /* Products */;
			projectDirPath = "";
			projectRoot = "";
			targets = (
				D90C7F2927A1F6C900D0AA27 /* Marvel */,
				D90C7F3F27A1F6CE00D0AA27 /* MarvelTests */,
				D90C7F4A27A1F6CE00D0AA27 /* MarvelUITests */,
			);
		};
/* End PBXProject section */

/* Begin PBXResourcesBuildPhase section */
		D90C7F2827A1F6C900D0AA27 /* Resources */ = {
			isa = PBXResourcesBuildPhase;
			buildActionMask = 2147483647;
			files = (
				D90C7F3A27A1F6CD00D0AA27 /* LaunchScreen.storyboard in Resources */,
				D9A8153127A5FF5A00A8EB30 /* CardCollectionViewCell.xib in Resources */,
				D90C7F3727A1F6CD00D0AA27 /* Assets.xcassets in Resources */,
				D90C7FD627A59A1D00D0AA27 /* CharacterListViewController.xib in Resources */,
				D90C7F9E27A34E4B00D0AA27 /* Configurations.plist in Resources */,
				D90C7F6727A1FD1F00D0AA27 /* Splash.xcassets in Resources */,
				D99CFA6427A72A3700B6B39E /* CharacterDetailViewController.xib in Resources */,
				D99CFA7027A74AE000B6B39E /* StorieViewCell.xib in Resources */,
				D9A8153527A6B40200A8EB30 /* InfoCell.strings in Resources */,
				D90C7FBF27A55C0900D0AA27 /* Base.strings in Resources */,
				D99CFA6C27A74ABB00B6B39E /* DetailViewCell.xib in Resources */,
				D90C7FE227A5BE7B00D0AA27 /* ListCollectionViewCell.xib in Resources */,
				D90C7F9C27A33EE000D0AA27 /* SplashViewController.xib in Resources */,
			);
			runOnlyForDeploymentPostprocessing = 0;
		};
		D90C7F3E27A1F6CE00D0AA27 /* Resources */ = {
			isa = PBXResourcesBuildPhase;
			buildActionMask = 2147483647;
			files = (
			);
			runOnlyForDeploymentPostprocessing = 0;
		};
		D90C7F4927A1F6CE00D0AA27 /* Resources */ = {
			isa = PBXResourcesBuildPhase;
			buildActionMask = 2147483647;
			files = (
			);
			runOnlyForDeploymentPostprocessing = 0;
		};
/* End PBXResourcesBuildPhase section */

/* Begin PBXSourcesBuildPhase section */
		D90C7F2627A1F6C900D0AA27 /* Sources */ = {
			isa = PBXSourcesBuildPhase;
			buildActionMask = 2147483647;
			files = (
				D99CFA6127A72A3700B6B39E /* CharacterDetailViewController.swift in Sources */,
				D90C7FD527A59A1D00D0AA27 /* CharacterListModel.swift in Sources */,
				D90C7FD727A59A1D00D0AA27 /* CharacterListManager.swift in Sources */,
				D90C7FE927A5F11200D0AA27 /* SeriesList.swift in Sources */,
				D99CFA6327A72A3700B6B39E /* CharacterDetailModel.swift in Sources */,
				D90C7FB327A5403000D0AA27 /* BaseManager.swift in Sources */,
				D90C7FC127A55C6800D0AA27 /* Localized.swift in Sources */,
				D90C7F7627A328DE00D0AA27 /* ApiResource.swift in Sources */,
				D9A8153327A69C2A00A8EB30 /* InfoView.swift in Sources */,
				D90C7F9A27A33EE000D0AA27 /* SplashInteractor.swift in Sources */,
				D90C7F8427A333CD00D0AA27 /* Stories.swift in Sources */,
				D99CFA6727A7428A00B6B39E /* GradientView.swift in Sources */,
				D90C7F6D27A2011B00D0AA27 /* MarvelConstants.swift in Sources */,
				D90C7FD227A59A1D00D0AA27 /* CharacterListRouter.swift in Sources */,
				D90C7FE727A5C63900D0AA27 /* ColorExtension.swift in Sources */,
				D99CFA6527A72A3700B6B39E /* CharacterDetailManager.swift in Sources */,
				D99CFA6227A72A3700B6B39E /* CharacterDetailInteractor.swift in Sources */,
				D90C7FBA27A5576800D0AA27 /* ErrorResult.swift in Sources */,
				D9DC6B0927A70AE8004005AB /* BasePresenter.swift in Sources */,
				D90C7FE127A5BE7B00D0AA27 /* ListCollectionViewCell.swift in Sources */,
				D90C7FE527A5C60100D0AA27 /* NavigationBar.swift in Sources */,
				D90C7FD427A59A1D00D0AA27 /* CharacterListInteractor.swift in Sources */,
				D90C7FD927A59B1200D0AA27 /* AppRoute.swift in Sources */,
				D90C7F9827A33EE000D0AA27 /* SplashRouter.swift in Sources */,
				D90C7FAF27A5403000D0AA27 /* BaseViewController.swift in Sources */,
				D9A8153727A6C4A300A8EB30 /* ImageRequest.swift in Sources */,
				D99CFA5E27A72A3700B6B39E /* CharacterDetailConfiguration.swift in Sources */,
				D90C7F8727A3342200D0AA27 /* URLElement.swift in Sources */,
				D90C7F9D27A33EE000D0AA27 /* SplashManager.swift in Sources */,
				D90C7F8D27A339B800D0AA27 /* ApRequest.swift in Sources */,
				D90C7F7A27A32CC600D0AA27 /* PaginatedResponse.swift in Sources */,
				D90C7FDD27A5A26000D0AA27 /* GeneralRoute.swift in Sources */,
				D90C7FC327A55D0900D0AA27 /* LocationSettings.swift in Sources */,
				D90C7F8B27A3363900D0AA27 /* Character.swift in Sources */,
				D90C7FEF27A5F16600D0AA27 /* StorySummary.swift in Sources */,
				D90C7F8127A333A400D0AA27 /* Comics.swift in Sources */,
				D99CFA6027A72A3700B6B39E /* CharacterDetailRouter.swift in Sources */,
				D99CFA6F27A74AE000B6B39E /* StorieViewCell.swift in Sources */,
				D90C7F7827A32C7B00D0AA27 /* CharactersListResource.swift in Sources */,
				D90C7F9627A33EE000D0AA27 /* SplashConfiguration.swift in Sources */,
				D90C7FB127A5403000D0AA27 /* BaseModel.swift in Sources */,
				D90C7FED27A5F14100D0AA27 /* SeriesSummary.swift in Sources */,
				D90C7F2E27A1F6C900D0AA27 /* AppDelegate.swift in Sources */,
				D90C7F9B27A33EE000D0AA27 /* SplashModel.swift in Sources */,
				D90C7FC727A592F700D0AA27 /* ScreenSize.swift in Sources */,
				D90C7F6A27A200B700D0AA27 /* Configuration.swift in Sources */,
				D90C7F7327A3289300D0AA27 /* NetworkRequest.swift in Sources */,
				D99CFA5F27A72A3700B6B39E /* CharacterDetailPresenter.swift in Sources */,
				D90C7FD027A59A1D00D0AA27 /* CharacterListConfiguration.swift in Sources */,
				D90C7FC527A577AD00D0AA27 /* VCAlertExtension.swift in Sources */,
				D90C7FA327A35C4300D0AA27 /* StoriesItem.swift in Sources */,
				D90C7F3027A1F6C900D0AA27 /* SceneDelegate.swift in Sources */,
				D9A8153027A5FF5A00A8EB30 /* CardCollectionViewCell.swift in Sources */,
				D90C7FD127A59A1D00D0AA27 /* CharacterListPresenter.swift in Sources */,
				D90C7FEB27A5F12200D0AA27 /* StoryList.swift in Sources */,
				D90C7F7F27A3335C00D0AA27 /* Image.swift in Sources */,
				D90C7F9727A33EE000D0AA27 /* SplashPresenter.swift in Sources */,
				D90C7FD327A59A1D00D0AA27 /* CharacterListViewController.swift in Sources */,
				D99CFA6B27A74ABB00B6B39E /* DetailViewCell.swift in Sources */,
				D90C7FA027A35BD800D0AA27 /* ComicsItem.swift in Sources */,
				D90C7F9927A33EE000D0AA27 /* SplashViewController.swift in Sources */,
			);
			runOnlyForDeploymentPostprocessing = 0;
		};
		D90C7F3C27A1F6CE00D0AA27 /* Sources */ = {
			isa = PBXSourcesBuildPhase;
			buildActionMask = 2147483647;
			files = (
				D90C7F4527A1F6CE00D0AA27 /* MarvelTests.swift in Sources */,
			);
			runOnlyForDeploymentPostprocessing = 0;
		};
		D90C7F4727A1F6CE00D0AA27 /* Sources */ = {
			isa = PBXSourcesBuildPhase;
			buildActionMask = 2147483647;
			files = (
				D90C7F5027A1F6CE00D0AA27 /* MarvelUITests.swift in Sources */,
			);
			runOnlyForDeploymentPostprocessing = 0;
		};
/* End PBXSourcesBuildPhase section */

/* Begin PBXTargetDependency section */
		D90C7F4227A1F6CE00D0AA27 /* PBXTargetDependency */ = {
			isa = PBXTargetDependency;
			target = D90C7F2927A1F6C900D0AA27 /* Marvel */;
			targetProxy = D90C7F4127A1F6CE00D0AA27 /* PBXContainerItemProxy */;
		};
		D90C7F4D27A1F6CE00D0AA27 /* PBXTargetDependency */ = {
			isa = PBXTargetDependency;
			target = D90C7F2927A1F6C900D0AA27 /* Marvel */;
			targetProxy = D90C7F4C27A1F6CE00D0AA27 /* PBXContainerItemProxy */;
		};
/* End PBXTargetDependency section */

/* Begin PBXVariantGroup section */
		D90C7F3827A1F6CD00D0AA27 /* LaunchScreen.storyboard */ = {
			isa = PBXVariantGroup;
			children = (
				D90C7F3927A1F6CD00D0AA27 /* Base */,
			);
			name = LaunchScreen.storyboard;
			sourceTree = "<group>";
		};
/* End PBXVariantGroup section */

/* Begin XCBuildConfiguration section */
		D90C7F5227A1F6CE00D0AA27 /* Debug */ = {
			isa = XCBuildConfiguration;
			buildSettings = {
				ALWAYS_SEARCH_USER_PATHS = NO;
				CLANG_ANALYZER_NONNULL = YES;
				CLANG_ANALYZER_NUMBER_OBJECT_CONVERSION = YES_AGGRESSIVE;
				CLANG_CXX_LANGUAGE_STANDARD = "gnu++14";
				CLANG_CXX_LIBRARY = "libc++";
				CLANG_ENABLE_MODULES = YES;
				CLANG_ENABLE_OBJC_ARC = YES;
				CLANG_ENABLE_OBJC_WEAK = YES;
				CLANG_WARN_BLOCK_CAPTURE_AUTORELEASING = YES;
				CLANG_WARN_BOOL_CONVERSION = YES;
				CLANG_WARN_COMMA = YES;
				CLANG_WARN_CONSTANT_CONVERSION = YES;
				CLANG_WARN_DEPRECATED_OBJC_IMPLEMENTATIONS = YES;
				CLANG_WARN_DIRECT_OBJC_ISA_USAGE = YES_ERROR;
				CLANG_WARN_DOCUMENTATION_COMMENTS = YES;
				CLANG_WARN_EMPTY_BODY = YES;
				CLANG_WARN_ENUM_CONVERSION = YES;
				CLANG_WARN_INFINITE_RECURSION = YES;
				CLANG_WARN_INT_CONVERSION = YES;
				CLANG_WARN_NON_LITERAL_NULL_CONVERSION = YES;
				CLANG_WARN_OBJC_IMPLICIT_RETAIN_SELF = YES;
				CLANG_WARN_OBJC_LITERAL_CONVERSION = YES;
				CLANG_WARN_OBJC_ROOT_CLASS = YES_ERROR;
				CLANG_WARN_QUOTED_INCLUDE_IN_FRAMEWORK_HEADER = YES;
				CLANG_WARN_RANGE_LOOP_ANALYSIS = YES;
				CLANG_WARN_STRICT_PROTOTYPES = YES;
				CLANG_WARN_SUSPICIOUS_MOVE = YES;
				CLANG_WARN_UNGUARDED_AVAILABILITY = YES_AGGRESSIVE;
				CLANG_WARN_UNREACHABLE_CODE = YES;
				CLANG_WARN__DUPLICATE_METHOD_MATCH = YES;
				COPY_PHASE_STRIP = NO;
				DEBUG_INFORMATION_FORMAT = dwarf;
				ENABLE_STRICT_OBJC_MSGSEND = YES;
				ENABLE_TESTABILITY = YES;
				GCC_C_LANGUAGE_STANDARD = gnu11;
				GCC_DYNAMIC_NO_PIC = NO;
				GCC_NO_COMMON_BLOCKS = YES;
				GCC_OPTIMIZATION_LEVEL = 0;
				GCC_PREPROCESSOR_DEFINITIONS = (
					"DEBUG=1",
					"$(inherited)",
				);
				GCC_WARN_64_TO_32_BIT_CONVERSION = YES;
				GCC_WARN_ABOUT_RETURN_TYPE = YES_ERROR;
				GCC_WARN_UNDECLARED_SELECTOR = YES;
				GCC_WARN_UNINITIALIZED_AUTOS = YES_AGGRESSIVE;
				GCC_WARN_UNUSED_FUNCTION = YES;
				GCC_WARN_UNUSED_VARIABLE = YES;
				IPHONEOS_DEPLOYMENT_TARGET = 14.5;
				MTL_ENABLE_DEBUG_INFO = INCLUDE_SOURCE;
				MTL_FAST_MATH = YES;
				ONLY_ACTIVE_ARCH = YES;
				OTHER_SWIFT_FLAGS = "";
				SDKROOT = iphoneos;
				SWIFT_ACTIVE_COMPILATION_CONDITIONS = DEBUG;
				SWIFT_OPTIMIZATION_LEVEL = "-Onone";
			};
			name = Debug;
		};
		D90C7F5327A1F6CE00D0AA27 /* Release */ = {
			isa = XCBuildConfiguration;
			buildSettings = {
				ALWAYS_SEARCH_USER_PATHS = NO;
				CLANG_ANALYZER_NONNULL = YES;
				CLANG_ANALYZER_NUMBER_OBJECT_CONVERSION = YES_AGGRESSIVE;
				CLANG_CXX_LANGUAGE_STANDARD = "gnu++14";
				CLANG_CXX_LIBRARY = "libc++";
				CLANG_ENABLE_MODULES = YES;
				CLANG_ENABLE_OBJC_ARC = YES;
				CLANG_ENABLE_OBJC_WEAK = YES;
				CLANG_WARN_BLOCK_CAPTURE_AUTORELEASING = YES;
				CLANG_WARN_BOOL_CONVERSION = YES;
				CLANG_WARN_COMMA = YES;
				CLANG_WARN_CONSTANT_CONVERSION = YES;
				CLANG_WARN_DEPRECATED_OBJC_IMPLEMENTATIONS = YES;
				CLANG_WARN_DIRECT_OBJC_ISA_USAGE = YES_ERROR;
				CLANG_WARN_DOCUMENTATION_COMMENTS = YES;
				CLANG_WARN_EMPTY_BODY = YES;
				CLANG_WARN_ENUM_CONVERSION = YES;
				CLANG_WARN_INFINITE_RECURSION = YES;
				CLANG_WARN_INT_CONVERSION = YES;
				CLANG_WARN_NON_LITERAL_NULL_CONVERSION = YES;
				CLANG_WARN_OBJC_IMPLICIT_RETAIN_SELF = YES;
				CLANG_WARN_OBJC_LITERAL_CONVERSION = YES;
				CLANG_WARN_OBJC_ROOT_CLASS = YES_ERROR;
				CLANG_WARN_QUOTED_INCLUDE_IN_FRAMEWORK_HEADER = YES;
				CLANG_WARN_RANGE_LOOP_ANALYSIS = YES;
				CLANG_WARN_STRICT_PROTOTYPES = YES;
				CLANG_WARN_SUSPICIOUS_MOVE = YES;
				CLANG_WARN_UNGUARDED_AVAILABILITY = YES_AGGRESSIVE;
				CLANG_WARN_UNREACHABLE_CODE = YES;
				CLANG_WARN__DUPLICATE_METHOD_MATCH = YES;
				COPY_PHASE_STRIP = NO;
				DEBUG_INFORMATION_FORMAT = "dwarf-with-dsym";
				ENABLE_NS_ASSERTIONS = NO;
				ENABLE_STRICT_OBJC_MSGSEND = YES;
				GCC_C_LANGUAGE_STANDARD = gnu11;
				GCC_NO_COMMON_BLOCKS = YES;
				GCC_WARN_64_TO_32_BIT_CONVERSION = YES;
				GCC_WARN_ABOUT_RETURN_TYPE = YES_ERROR;
				GCC_WARN_UNDECLARED_SELECTOR = YES;
				GCC_WARN_UNINITIALIZED_AUTOS = YES_AGGRESSIVE;
				GCC_WARN_UNUSED_FUNCTION = YES;
				GCC_WARN_UNUSED_VARIABLE = YES;
				IPHONEOS_DEPLOYMENT_TARGET = 14.5;
				MTL_ENABLE_DEBUG_INFO = NO;
				MTL_FAST_MATH = YES;
				OTHER_SWIFT_FLAGS = "";
				SDKROOT = iphoneos;
				SWIFT_COMPILATION_MODE = wholemodule;
				SWIFT_OPTIMIZATION_LEVEL = "-O";
				VALIDATE_PRODUCT = YES;
			};
			name = Release;
		};
		D90C7F5527A1F6CE00D0AA27 /* Debug */ = {
			isa = XCBuildConfiguration;
			buildSettings = {
				ASSETCATALOG_COMPILER_APPICON_NAME = AppIcon;
				ASSETCATALOG_COMPILER_GLOBAL_ACCENT_COLOR_NAME = AccentColor;
				CODE_SIGN_STYLE = Automatic;
				INFOPLIST_FILE = Marvel/SettingFiles/Info.plist;
				LD_RUNPATH_SEARCH_PATHS = (
					"$(inherited)",
					"@executable_path/Frameworks",
				);
				PRODUCT_BUNDLE_IDENTIFIER = carlosdp.com.Marvel;
				PRODUCT_NAME = "$(TARGET_NAME)";
				SWIFT_VERSION = 5.0;
				TARGETED_DEVICE_FAMILY = "1,2";
			};
			name = Debug;
		};
		D90C7F5627A1F6CE00D0AA27 /* Release */ = {
			isa = XCBuildConfiguration;
			buildSettings = {
				ASSETCATALOG_COMPILER_APPICON_NAME = AppIcon;
				ASSETCATALOG_COMPILER_GLOBAL_ACCENT_COLOR_NAME = AccentColor;
				CODE_SIGN_STYLE = Automatic;
				INFOPLIST_FILE = Marvel/SettingFiles/Info.plist;
				LD_RUNPATH_SEARCH_PATHS = (
					"$(inherited)",
					"@executable_path/Frameworks",
				);
				PRODUCT_BUNDLE_IDENTIFIER = carlosdp.com.Marvel;
				PRODUCT_NAME = "$(TARGET_NAME)";
				SWIFT_VERSION = 5.0;
				TARGETED_DEVICE_FAMILY = "1,2";
			};
			name = Release;
		};
		D90C7F5827A1F6CE00D0AA27 /* Debug */ = {
			isa = XCBuildConfiguration;
			buildSettings = {
				ALWAYS_EMBED_SWIFT_STANDARD_LIBRARIES = YES;
				BUNDLE_LOADER = "$(TEST_HOST)";
				CODE_SIGN_STYLE = Automatic;
				INFOPLIST_FILE = MarvelTests/Info.plist;
				IPHONEOS_DEPLOYMENT_TARGET = 14.5;
				LD_RUNPATH_SEARCH_PATHS = (
					"$(inherited)",
					"@executable_path/Frameworks",
					"@loader_path/Frameworks",
				);
				PRODUCT_BUNDLE_IDENTIFIER = carlosdp.com.MarvelTests;
				PRODUCT_NAME = "$(TARGET_NAME)";
				SWIFT_VERSION = 5.0;
				TARGETED_DEVICE_FAMILY = "1,2";
				TEST_HOST = "$(BUILT_PRODUCTS_DIR)/Marvel.app/Marvel";
			};
			name = Debug;
		};
		D90C7F5927A1F6CE00D0AA27 /* Release */ = {
			isa = XCBuildConfiguration;
			buildSettings = {
				ALWAYS_EMBED_SWIFT_STANDARD_LIBRARIES = YES;
				BUNDLE_LOADER = "$(TEST_HOST)";
				CODE_SIGN_STYLE = Automatic;
				INFOPLIST_FILE = MarvelTests/Info.plist;
				IPHONEOS_DEPLOYMENT_TARGET = 14.5;
				LD_RUNPATH_SEARCH_PATHS = (
					"$(inherited)",
					"@executable_path/Frameworks",
					"@loader_path/Frameworks",
				);
				PRODUCT_BUNDLE_IDENTIFIER = carlosdp.com.MarvelTests;
				PRODUCT_NAME = "$(TARGET_NAME)";
				SWIFT_VERSION = 5.0;
				TARGETED_DEVICE_FAMILY = "1,2";
				TEST_HOST = "$(BUILT_PRODUCTS_DIR)/Marvel.app/Marvel";
			};
			name = Release;
		};
		D90C7F5B27A1F6CE00D0AA27 /* Debug */ = {
			isa = XCBuildConfiguration;
			buildSettings = {
				ALWAYS_EMBED_SWIFT_STANDARD_LIBRARIES = YES;
				CODE_SIGN_STYLE = Automatic;
				INFOPLIST_FILE = MarvelUITests/Info.plist;
				LD_RUNPATH_SEARCH_PATHS = (
					"$(inherited)",
					"@executable_path/Frameworks",
					"@loader_path/Frameworks",
				);
				PRODUCT_BUNDLE_IDENTIFIER = carlosdp.com.MarvelUITests;
				PRODUCT_NAME = "$(TARGET_NAME)";
				SWIFT_VERSION = 5.0;
				TARGETED_DEVICE_FAMILY = "1,2";
				TEST_TARGET_NAME = Marvel;
			};
			name = Debug;
		};
		D90C7F5C27A1F6CE00D0AA27 /* Release */ = {
			isa = XCBuildConfiguration;
			buildSettings = {
				ALWAYS_EMBED_SWIFT_STANDARD_LIBRARIES = YES;
				CODE_SIGN_STYLE = Automatic;
				INFOPLIST_FILE = MarvelUITests/Info.plist;
				LD_RUNPATH_SEARCH_PATHS = (
					"$(inherited)",
					"@executable_path/Frameworks",
					"@loader_path/Frameworks",
				);
				PRODUCT_BUNDLE_IDENTIFIER = carlosdp.com.MarvelUITests;
				PRODUCT_NAME = "$(TARGET_NAME)";
				SWIFT_VERSION = 5.0;
				TARGETED_DEVICE_FAMILY = "1,2";
				TEST_TARGET_NAME = Marvel;
			};
			name = Release;
		};
/* End XCBuildConfiguration section */

/* Begin XCConfigurationList section */
		D90C7F2527A1F6C900D0AA27 /* Build configuration list for PBXProject "Marvel" */ = {
			isa = XCConfigurationList;
			buildConfigurations = (
				D90C7F5227A1F6CE00D0AA27 /* Debug */,
				D90C7F5327A1F6CE00D0AA27 /* Release */,
			);
			defaultConfigurationIsVisible = 0;
			defaultConfigurationName = Release;
		};
		D90C7F5427A1F6CE00D0AA27 /* Build configuration list for PBXNativeTarget "Marvel" */ = {
			isa = XCConfigurationList;
			buildConfigurations = (
				D90C7F5527A1F6CE00D0AA27 /* Debug */,
				D90C7F5627A1F6CE00D0AA27 /* Release */,
			);
			defaultConfigurationIsVisible = 0;
			defaultConfigurationName = Release;
		};
		D90C7F5727A1F6CE00D0AA27 /* Build configuration list for PBXNativeTarget "MarvelTests" */ = {
			isa = XCConfigurationList;
			buildConfigurations = (
				D90C7F5827A1F6CE00D0AA27 /* Debug */,
				D90C7F5927A1F6CE00D0AA27 /* Release */,
			);
			defaultConfigurationIsVisible = 0;
			defaultConfigurationName = Release;
		};
		D90C7F5A27A1F6CE00D0AA27 /* Build configuration list for PBXNativeTarget "MarvelUITests" */ = {
			isa = XCConfigurationList;
			buildConfigurations = (
				D90C7F5B27A1F6CE00D0AA27 /* Debug */,
				D90C7F5C27A1F6CE00D0AA27 /* Release */,
			);
			defaultConfigurationIsVisible = 0;
			defaultConfigurationName = Release;
		};
/* End XCConfigurationList section */

/* Begin XCRemoteSwiftPackageReference section */
		D90C7FB427A54F9200D0AA27 /* XCRemoteSwiftPackageReference "RxSwift" */ = {
			isa = XCRemoteSwiftPackageReference;
			repositoryURL = "https://github.com/ReactiveX/RxSwift.git";
			requirement = {
				kind = exactVersion;
				version = 6.5.0;
			};
		};
/* End XCRemoteSwiftPackageReference section */

/* Begin XCSwiftPackageProductDependency section */
		D90C7FB527A54F9200D0AA27 /* RxSwift */ = {
			isa = XCSwiftPackageProductDependency;
			package = D90C7FB427A54F9200D0AA27 /* XCRemoteSwiftPackageReference "RxSwift" */;
			productName = RxSwift;
		};
		D90C7FB727A54F9200D0AA27 /* RxCocoa */ = {
			isa = XCSwiftPackageProductDependency;
			package = D90C7FB427A54F9200D0AA27 /* XCRemoteSwiftPackageReference "RxSwift" */;
			productName = RxCocoa;
		};
/* End XCSwiftPackageProductDependency section */
	};
	rootObject = D90C7F2227A1F6C900D0AA27 /* Project object */;
}
