// !$*UTF8*$!
{
	archiveVersion = 1;
	classes = {
	};
	objectVersion = 50;
	objects = {

/* Begin PBXBuildFile section */
		D90C7F2E27A1F6C900D0AA27 /* AppDelegate.swift in Sources */ = {isa = PBXBuildFile; fileRef = D90C7F2D27A1F6C900D0AA27 /* AppDelegate.swift */; };
		D90C7F3027A1F6C900D0AA27 /* SceneDelegate.swift in Sources */ = {isa = PBXBuildFile; fileRef = D90C7F2F27A1F6C900D0AA27 /* SceneDelegate.swift */; };
		D90C7F3227A1F6C900D0AA27 /* ViewController.swift in Sources */ = {isa = PBXBuildFile; fileRef = D90C7F3127A1F6C900D0AA27 /* ViewController.swift */; };
		D90C7F3527A1F6C900D0AA27 /* Main.storyboard in Resources */ = {isa = PBXBuildFile; fileRef = D90C7F3327A1F6C900D0AA27 /* Main.storyboard */; };
		D90C7F3727A1F6CD00D0AA27 /* Assets.xcassets in Resources */ = {isa = PBXBuildFile; fileRef = D90C7F3627A1F6CD00D0AA27 /* Assets.xcassets */; };
		D90C7F3A27A1F6CD00D0AA27 /* LaunchScreen.storyboard in Resources */ = {isa = PBXBuildFile; fileRef = D90C7F3827A1F6CD00D0AA27 /* LaunchScreen.storyboard */; };
		D90C7F4527A1F6CE00D0AA27 /* MarvelTests.swift in Sources */ = {isa = PBXBuildFile; fileRef = D90C7F4427A1F6CE00D0AA27 /* MarvelTests.swift */; };
		D90C7F5027A1F6CE00D0AA27 /* MarvelUITests.swift in Sources */ = {isa = PBXBuildFile; fileRef = D90C7F4F27A1F6CE00D0AA27 /* MarvelUITests.swift */; };
/* End PBXBuildFile section */

/* Begin PBXContainerItemProxy section */
		D90C7F4127A1F6CE00D0AA27 /* PBXContainerItemProxy */ = {
			isa = PBXContainerItemProxy;
			containerPortal = D90C7F2227A1F6C900D0AA27 /* Project object */;
			proxyType = 1;
			remoteGlobalIDString = D90C7F2927A1F6C900D0AA27;
			remoteInfo = Marvel;
		};
		D90C7F4C27A1F6CE00D0AA27 /* PBXContainerItemProxy */ = {
			isa = PBXContainerItemProxy;
			containerPortal = D90C7F2227A1F6C900D0AA27 /* Project object */;
			proxyType = 1;
			remoteGlobalIDString = D90C7F2927A1F6C900D0AA27;
			remoteInfo = Marvel;
		};
/* End PBXContainerItemProxy section */

/* Begin PBXFileReference section */
		D90C7F2A27A1F6C900D0AA27 /* Marvel.app */ = {isa = PBXFileReference; explicitFileType = wrapper.application; includeInIndex = 0; path = Marvel.app; sourceTree = BUILT_PRODUCTS_DIR; };
		D90C7F2D27A1F6C900D0AA27 /* AppDelegate.swift */ = {isa = PBXFileReference; lastKnownFileType = sourcecode.swift; path = AppDelegate.swift; sourceTree = "<group>"; };
		D90C7F2F27A1F6C900D0AA27 /* SceneDelegate.swift */ = {isa = PBXFileReference; lastKnownFileType = sourcecode.swift; path = SceneDelegate.swift; sourceTree = "<group>"; };
		D90C7F3127A1F6C900D0AA27 /* ViewController.swift */ = {isa = PBXFileReference; lastKnownFileType = sourcecode.swift; path = ViewController.swift; sourceTree = "<group>"; };
		D90C7F3427A1F6C900D0AA27 /* Base */ = {isa = PBXFileReference; lastKnownFileType = file.storyboard; name = Base; path = Base.lproj/Main.storyboard; sourceTree = "<group>"; };
		D90C7F3627A1F6CD00D0AA27 /* Assets.xcassets */ = {isa = PBXFileReference; lastKnownFileType = folder.assetcatalog; path = Assets.xcassets; sourceTree = "<group>"; };
		D90C7F3927A1F6CD00D0AA27 /* Base */ = {isa = PBXFileReference; lastKnownFileType = file.storyboard; name = Base; path = Base.lproj/LaunchScreen.storyboard; sourceTree = "<group>"; };
		D90C7F3B27A1F6CD00D0AA27 /* Info.plist */ = {isa = PBXFileReference; lastKnownFileType = text.plist.xml; path = Info.plist; sourceTree = "<group>"; };
		D90C7F4027A1F6CE00D0AA27 /* MarvelTests.xctest */ = {isa = PBXFileReference; explicitFileType = wrapper.cfbundle; includeInIndex = 0; path = MarvelTests.xctest; sourceTree = BUILT_PRODUCTS_DIR; };
		D90C7F4427A1F6CE00D0AA27 /* MarvelTests.swift */ = {isa = PBXFileReference; lastKnownFileType = sourcecode.swift; path = MarvelTests.swift; sourceTree = "<group>"; };
		D90C7F4627A1F6CE00D0AA27 /* Info.plist */ = {isa = PBXFileReference; lastKnownFileType = text.plist.xml; path = Info.plist; sourceTree = "<group>"; };
		D90C7F4B27A1F6CE00D0AA27 /* MarvelUITests.xctest */ = {isa = PBXFileReference; explicitFileType = wrapper.cfbundle; includeInIndex = 0; path = MarvelUITests.xctest; sourceTree = BUILT_PRODUCTS_DIR; };
		D90C7F4F27A1F6CE00D0AA27 /* MarvelUITests.swift */ = {isa = PBXFileReference; lastKnownFileType = sourcecode.swift; path = MarvelUITests.swift; sourceTree = "<group>"; };
		D90C7F5127A1F6CE00D0AA27 /* Info.plist */ = {isa = PBXFileReference; lastKnownFileType = text.plist.xml; path = Info.plist; sourceTree = "<group>"; };
/* End PBXFileReference section */

/* Begin PBXFrameworksBuildPhase section */
		D90C7F2727A1F6C900D0AA27 /* Frameworks */ = {
			isa = PBXFrameworksBuildPhase;
			buildActionMask = 2147483647;
			files = (
			);
			runOnlyForDeploymentPostprocessing = 0;
		};
		D90C7F3D27A1F6CE00D0AA27 /* Frameworks */ = {
			isa = PBXFrameworksBuildPhase;
			buildActionMask = 2147483647;
			files = (
			);
			runOnlyForDeploymentPostprocessing = 0;
		};
		D90C7F4827A1F6CE00D0AA27 /* Frameworks */ = {
			isa = PBXFrameworksBuildPhase;
			buildActionMask = 2147483647;
			files = (
			);
			runOnlyForDeploymentPostprocessing = 0;
		};
/* End PBXFrameworksBuildPhase section */

/* Begin PBXGroup section */
		D90C7F2127A1F6C900D0AA27 = {
			isa = PBXGroup;
			children = (
				D90C7F2C27A1F6C900D0AA27 /* Marvel */,
				D90C7F4327A1F6CE00D0AA27 /* MarvelTests */,
				D90C7F4E27A1F6CE00D0AA27 /* MarvelUITests */,
				D90C7F2B27A1F6C900D0AA27 /* Products */,
			);
			sourceTree = "<group>";
		};
		D90C7F2B27A1F6C900D0AA27 /* Products */ = {
			isa = PBXGroup;
			children = (
				D90C7F2A27A1F6C900D0AA27 /* Marvel.app */,
				D90C7F4027A1F6CE00D0AA27 /* MarvelTests.xctest */,
				D90C7F4B27A1F6CE00D0AA27 /* MarvelUITests.xctest */,
			);
			name = Products;
			sourceTree = "<group>";
		};
		D90C7F2C27A1F6C900D0AA27 /* Marvel */ = {
			isa = PBXGroup;
			children = (
				D90C7F2D27A1F6C900D0AA27 /* AppDelegate.swift */,
				D90C7F2F27A1F6C900D0AA27 /* SceneDelegate.swift */,
				D90C7F3127A1F6C900D0AA27 /* ViewController.swift */,
				D90C7F3327A1F6C900D0AA27 /* Main.storyboard */,
				D90C7F3627A1F6CD00D0AA27 /* Assets.xcassets */,
				D90C7F3827A1F6CD00D0AA27 /* LaunchScreen.storyboard */,
				D90C7F3B27A1F6CD00D0AA27 /* Info.plist */,
			);
			path = Marvel;
			sourceTree = "<group>";
		};
		D90C7F4327A1F6CE00D0AA27 /* MarvelTests */ = {
			isa = PBXGroup;
			children = (
				D90C7F4427A1F6CE00D0AA27 /* MarvelTests.swift */,
				D90C7F4627A1F6CE00D0AA27 /* Info.plist */,
			);
			path = MarvelTests;
			sourceTree = "<group>";
		};
		D90C7F4E27A1F6CE00D0AA27 /* MarvelUITests */ = {
			isa = PBXGroup;
			children = (
				D90C7F4F27A1F6CE00D0AA27 /* MarvelUITests.swift */,
				D90C7F5127A1F6CE00D0AA27 /* Info.plist */,
			);
			path = MarvelUITests;
			sourceTree = "<group>";
		};
/* End PBXGroup section */

/* Begin PBXNativeTarget section */
		D90C7F2927A1F6C900D0AA27 /* Marvel */ = {
			isa = PBXNativeTarget;
			buildConfigurationList = D90C7F5427A1F6CE00D0AA27 /* Build configuration list for PBXNativeTarget "Marvel" */;
			buildPhases = (
				D90C7F2627A1F6C900D0AA27 /* Sources */,
				D90C7F2727A1F6C900D0AA27 /* Frameworks */,
				D90C7F2827A1F6C900D0AA27 /* Resources */,
			);
			buildRules = (
			);
			dependencies = (
			);
			name = Marvel;
			productName = Marvel;
			productReference = D90C7F2A27A1F6C900D0AA27 /* Marvel.app */;
			productType = "com.apple.product-type.application";
		};
		D90C7F3F27A1F6CE00D0AA27 /* MarvelTests */ = {
			isa = PBXNativeTarget;
			buildConfigurationList = D90C7F5727A1F6CE00D0AA27 /* Build configuration list for PBXNativeTarget "MarvelTests" */;
			buildPhases = (
				D90C7F3C27A1F6CE00D0AA27 /* Sources */,
				D90C7F3D27A1F6CE00D0AA27 /* Frameworks */,
				D90C7F3E27A1F6CE00D0AA27 /* Resources */,
			);
			buildRules = (
			);
			dependencies = (
				D90C7F4227A1F6CE00D0AA27 /* PBXTargetDependency */,
			);
			name = MarvelTests;
			productName = MarvelTests;
			productReference = D90C7F4027A1F6CE00D0AA27 /* MarvelTests.xctest */;
			productType = "com.apple.product-type.bundle.unit-test";
		};
		D90C7F4A27A1F6CE00D0AA27 /* MarvelUITests */ = {
			isa = PBXNativeTarget;
			buildConfigurationList = D90C7F5A27A1F6CE00D0AA27 /* Build configuration list for PBXNativeTarget "MarvelUITests" */;
			buildPhases = (
				D90C7F4727A1F6CE00D0AA27 /* Sources */,
				D90C7F4827A1F6CE00D0AA27 /* Frameworks */,
				D90C7F4927A1F6CE00D0AA27 /* Resources */,
			);
			buildRules = (
			);
			dependencies = (
				D90C7F4D27A1F6CE00D0AA27 /* PBXTargetDependency */,
			);
			name = MarvelUITests;
			productName = MarvelUITests;
			productReference = D90C7F4B27A1F6CE00D0AA27 /* MarvelUITests.xctest */;
			productType = "com.apple.product-type.bundle.ui-testing";
		};
/* End PBXNativeTarget section */

/* Begin PBXProject section */
		D90C7F2227A1F6C900D0AA27 /* Project object */ = {
			isa = PBXProject;
			attributes = {
				LastSwiftUpdateCheck = 1250;
				LastUpgradeCheck = 1250;
				TargetAttributes = {
					D90C7F2927A1F6C900D0AA27 = {
						CreatedOnToolsVersion = 12.5.1;
					};
					D90C7F3F27A1F6CE00D0AA27 = {
						CreatedOnToolsVersion = 12.5.1;
						TestTargetID = D90C7F2927A1F6C900D0AA27;
					};
					D90C7F4A27A1F6CE00D0AA27 = {
						CreatedOnToolsVersion = 12.5.1;
						TestTargetID = D90C7F2927A1F6C900D0AA27;
					};
				};
			};
			buildConfigurationList = D90C7F2527A1F6C900D0AA27 /* Build configuration list for PBXProject "Marvel" */;
			compatibilityVersion = "Xcode 9.3";
			developmentRegion = en;
			hasScannedForEncodings = 0;
			knownRegions = (
				en,
				Base,
			);
			mainGroup = D90C7F2127A1F6C900D0AA27;
			productRefGroup = D90C7F2B27A1F6C900D0AA27 /* Products */;
			projectDirPath = "";
			projectRoot = "";
			targets = (
				D90C7F2927A1F6C900D0AA27 /* Marvel */,
				D90C7F3F27A1F6CE00D0AA27 /* MarvelTests */,
				D90C7F4A27A1F6CE00D0AA27 /* MarvelUITests */,
			);
		};
/* End PBXProject section */

/* Begin PBXResourcesBuildPhase section */
		D90C7F2827A1F6C900D0AA27 /* Resources */ = {
			isa = PBXResourcesBuildPhase;
			buildActionMask = 2147483647;
			files = (
				D90C7F3A27A1F6CD00D0AA27 /* LaunchScreen.storyboard in Resources */,
				D90C7F3727A1F6CD00D0AA27 /* Assets.xcassets in Resources */,
				D90C7F3527A1F6C900D0AA27 /* Main.storyboard in Resources */,
			);
			runOnlyForDeploymentPostprocessing = 0;
		};
		D90C7F3E27A1F6CE00D0AA27 /* Resources */ = {
			isa = PBXResourcesBuildPhase;
			buildActionMask = 2147483647;
			files = (
			);
			runOnlyForDeploymentPostprocessing = 0;
		};
		D90C7F4927A1F6CE00D0AA27 /* Resources */ = {
			isa = PBXResourcesBuildPhase;
			buildActionMask = 2147483647;
			files = (
			);
			runOnlyForDeploymentPostprocessing = 0;
		};
/* End PBXResourcesBuildPhase section */

/* Begin PBXSourcesBuildPhase section */
		D90C7F2627A1F6C900D0AA27 /* Sources */ = {
			isa = PBXSourcesBuildPhase;
			buildActionMask = 2147483647;
			files = (
				D90C7F3227A1F6C900D0AA27 /* ViewController.swift in Sources */,
				D90C7F2E27A1F6C900D0AA27 /* AppDelegate.swift in Sources */,
				D90C7F3027A1F6C900D0AA27 /* SceneDelegate.swift in Sources */,
			);
			runOnlyForDeploymentPostprocessing = 0;
		};
		D90C7F3C27A1F6CE00D0AA27 /* Sources */ = {
			isa = PBXSourcesBuildPhase;
			buildActionMask = 2147483647;
			files = (
				D90C7F4527A1F6CE00D0AA27 /* MarvelTests.swift in Sources */,
			);
			runOnlyForDeploymentPostprocessing = 0;
		};
		D90C7F4727A1F6CE00D0AA27 /* Sources */ = {
			isa = PBXSourcesBuildPhase;
			buildActionMask = 2147483647;
			files = (
				D90C7F5027A1F6CE00D0AA27 /* MarvelUITests.swift in Sources */,
			);
			runOnlyForDeploymentPostprocessing = 0;
		};
/* End PBXSourcesBuildPhase section */

/* Begin PBXTargetDependency section */
		D90C7F4227A1F6CE00D0AA27 /* PBXTargetDependency */ = {
			isa = PBXTargetDependency;
			target = D90C7F2927A1F6C900D0AA27 /* Marvel */;
			targetProxy = D90C7F4127A1F6CE00D0AA27 /* PBXContainerItemProxy */;
		};
		D90C7F4D27A1F6CE00D0AA27 /* PBXTargetDependency */ = {
			isa = PBXTargetDependency;
			target = D90C7F2927A1F6C900D0AA27 /* Marvel */;
			targetProxy = D90C7F4C27A1F6CE00D0AA27 /* PBXContainerItemProxy */;
		};
/* End PBXTargetDependency section */

/* Begin PBXVariantGroup section */
		D90C7F3327A1F6C900D0AA27 /* Main.storyboard */ = {
			isa = PBXVariantGroup;
			children = (
				D90C7F3427A1F6C900D0AA27 /* Base */,
			);
			name = Main.storyboard;
			sourceTree = "<group>";
		};
		D90C7F3827A1F6CD00D0AA27 /* LaunchScreen.storyboard */ = {
			isa = PBXVariantGroup;
			children = (
				D90C7F3927A1F6CD00D0AA27 /* Base */,
			);
			name = LaunchScreen.storyboard;
			sourceTree = "<group>";
		};
/* End PBXVariantGroup section */

/* Begin XCBuildConfiguration section */
		D90C7F5227A1F6CE00D0AA27 /* Debug */ = {
			isa = XCBuildConfiguration;
			buildSettings = {
				ALWAYS_SEARCH_USER_PATHS = NO;
				CLANG_ANALYZER_NONNULL = YES;
				CLANG_ANALYZER_NUMBER_OBJECT_CONVERSION = YES_AGGRESSIVE;
				CLANG_CXX_LANGUAGE_STANDARD = "gnu++14";
				CLANG_CXX_LIBRARY = "libc++";
				CLANG_ENABLE_MODULES = YES;
				CLANG_ENABLE_OBJC_ARC = YES;
				CLANG_ENABLE_OBJC_WEAK = YES;
				CLANG_WARN_BLOCK_CAPTURE_AUTORELEASING = YES;
				CLANG_WARN_BOOL_CONVERSION = YES;
				CLANG_WARN_COMMA = YES;
				CLANG_WARN_CONSTANT_CONVERSION = YES;
				CLANG_WARN_DEPRECATED_OBJC_IMPLEMENTATIONS = YES;
				CLANG_WARN_DIRECT_OBJC_ISA_USAGE = YES_ERROR;
				CLANG_WARN_DOCUMENTATION_COMMENTS = YES;
				CLANG_WARN_EMPTY_BODY = YES;
				CLANG_WARN_ENUM_CONVERSION = YES;
				CLANG_WARN_INFINITE_RECURSION = YES;
				CLANG_WARN_INT_CONVERSION = YES;
				CLANG_WARN_NON_LITERAL_NULL_CONVERSION = YES;
				CLANG_WARN_OBJC_IMPLICIT_RETAIN_SELF = YES;
				CLANG_WARN_OBJC_LITERAL_CONVERSION = YES;
				CLANG_WARN_OBJC_ROOT_CLASS = YES_ERROR;
				CLANG_WARN_QUOTED_INCLUDE_IN_FRAMEWORK_HEADER = YES;
				CLANG_WARN_RANGE_LOOP_ANALYSIS = YES;
				CLANG_WARN_STRICT_PROTOTYPES = YES;
				CLANG_WARN_SUSPICIOUS_MOVE = YES;
				CLANG_WARN_UNGUARDED_AVAILABILITY = YES_AGGRESSIVE;
				CLANG_WARN_UNREACHABLE_CODE = YES;
				CLANG_WARN__DUPLICATE_METHOD_MATCH = YES;
				COPY_PHASE_STRIP = NO;
				DEBUG_INFORMATION_FORMAT = dwarf;
				ENABLE_STRICT_OBJC_MSGSEND = YES;
				ENABLE_TESTABILITY = YES;
				GCC_C_LANGUAGE_STANDARD = gnu11;
				GCC_DYNAMIC_NO_PIC = NO;
				GCC_NO_COMMON_BLOCKS = YES;
				GCC_OPTIMIZATION_LEVEL = 0;
				GCC_PREPROCESSOR_DEFINITIONS = (
					"DEBUG=1",
					"$(inherited)",
				);
				GCC_WARN_64_TO_32_BIT_CONVERSION = YES;
				GCC_WARN_ABOUT_RETURN_TYPE = YES_ERROR;
				GCC_WARN_UNDECLARED_SELECTOR = YES;
				GCC_WARN_UNINITIALIZED_AUTOS = YES_AGGRESSIVE;
				GCC_WARN_UNUSED_FUNCTION = YES;
				GCC_WARN_UNUSED_VARIABLE = YES;
				IPHONEOS_DEPLOYMENT_TARGET = 14.5;
				MTL_ENABLE_DEBUG_INFO = INCLUDE_SOURCE;
				MTL_FAST_MATH = YES;
				ONLY_ACTIVE_ARCH = YES;
				SDKROOT = iphoneos;
				SWIFT_ACTIVE_COMPILATION_CONDITIONS = DEBUG;
				SWIFT_OPTIMIZATION_LEVEL = "-Onone";
			};
			name = Debug;
		};
		D90C7F5327A1F6CE00D0AA27 /* Release */ = {
			isa = XCBuildConfiguration;
			buildSettings = {
				ALWAYS_SEARCH_USER_PATHS = NO;
				CLANG_ANALYZER_NONNULL = YES;
				CLANG_ANALYZER_NUMBER_OBJECT_CONVERSION = YES_AGGRESSIVE;
				CLANG_CXX_LANGUAGE_STANDARD = "gnu++14";
				CLANG_CXX_LIBRARY = "libc++";
				CLANG_ENABLE_MODULES = YES;
				CLANG_ENABLE_OBJC_ARC = YES;
				CLANG_ENABLE_OBJC_WEAK = YES;
				CLANG_WARN_BLOCK_CAPTURE_AUTORELEASING = YES;
				CLANG_WARN_BOOL_CONVERSION = YES;
				CLANG_WARN_COMMA = YES;
				CLANG_WARN_CONSTANT_CONVERSION = YES;
				CLANG_WARN_DEPRECATED_OBJC_IMPLEMENTATIONS = YES;
				CLANG_WARN_DIRECT_OBJC_ISA_USAGE = YES_ERROR;
				CLANG_WARN_DOCUMENTATION_COMMENTS = YES;
				CLANG_WARN_EMPTY_BODY = YES;
				CLANG_WARN_ENUM_CONVERSION = YES;
				CLANG_WARN_INFINITE_RECURSION = YES;
				CLANG_WARN_INT_CONVERSION = YES;
				CLANG_WARN_NON_LITERAL_NULL_CONVERSION = YES;
				CLANG_WARN_OBJC_IMPLICIT_RETAIN_SELF = YES;
				CLANG_WARN_OBJC_LITERAL_CONVERSION = YES;
				CLANG_WARN_OBJC_ROOT_CLASS = YES_ERROR;
				CLANG_WARN_QUOTED_INCLUDE_IN_FRAMEWORK_HEADER = YES;
				CLANG_WARN_RANGE_LOOP_ANALYSIS = YES;
				CLANG_WARN_STRICT_PROTOTYPES = YES;
				CLANG_WARN_SUSPICIOUS_MOVE = YES;
				CLANG_WARN_UNGUARDED_AVAILABILITY = YES_AGGRESSIVE;
				CLANG_WARN_UNREACHABLE_CODE = YES;
				CLANG_WARN__DUPLICATE_METHOD_MATCH = YES;
				COPY_PHASE_STRIP = NO;
				DEBUG_INFORMATION_FORMAT = "dwarf-with-dsym";
				ENABLE_NS_ASSERTIONS = NO;
				ENABLE_STRICT_OBJC_MSGSEND = YES;
				GCC_C_LANGUAGE_STANDARD = gnu11;
				GCC_NO_COMMON_BLOCKS = YES;
				GCC_WARN_64_TO_32_BIT_CONVERSION = YES;
				GCC_WARN_ABOUT_RETURN_TYPE = YES_ERROR;
				GCC_WARN_UNDECLARED_SELECTOR = YES;
				GCC_WARN_UNINITIALIZED_AUTOS = YES_AGGRESSIVE;
				GCC_WARN_UNUSED_FUNCTION = YES;
				GCC_WARN_UNUSED_VARIABLE = YES;
				IPHONEOS_DEPLOYMENT_TARGET = 14.5;
				MTL_ENABLE_DEBUG_INFO = NO;
				MTL_FAST_MATH = YES;
				SDKROOT = iphoneos;
				SWIFT_COMPILATION_MODE = wholemodule;
				SWIFT_OPTIMIZATION_LEVEL = "-O";
				VALIDATE_PRODUCT = YES;
			};
			name = Release;
		};
		D90C7F5527A1F6CE00D0AA27 /* Debug */ = {
			isa = XCBuildConfiguration;
			buildSettings = {
				ASSETCATALOG_COMPILER_APPICON_NAME = AppIcon;
				ASSETCATALOG_COMPILER_GLOBAL_ACCENT_COLOR_NAME = AccentColor;
				CODE_SIGN_STYLE = Automatic;
				INFOPLIST_FILE = Marvel/Info.plist;
				LD_RUNPATH_SEARCH_PATHS = (
					"$(inherited)",
					"@executable_path/Frameworks",
				);
				PRODUCT_BUNDLE_IDENTIFIER = carlosdp.com.Marvel;
				PRODUCT_NAME = "$(TARGET_NAME)";
				SWIFT_VERSION = 5.0;
				TARGETED_DEVICE_FAMILY = "1,2";
			};
			name = Debug;
		};
		D90C7F5627A1F6CE00D0AA27 /* Release */ = {
			isa = XCBuildConfiguration;
			buildSettings = {
				ASSETCATALOG_COMPILER_APPICON_NAME = AppIcon;
				ASSETCATALOG_COMPILER_GLOBAL_ACCENT_COLOR_NAME = AccentColor;
				CODE_SIGN_STYLE = Automatic;
				INFOPLIST_FILE = Marvel/Info.plist;
				LD_RUNPATH_SEARCH_PATHS = (
					"$(inherited)",
					"@executable_path/Frameworks",
				);
				PRODUCT_BUNDLE_IDENTIFIER = carlosdp.com.Marvel;
				PRODUCT_NAME = "$(TARGET_NAME)";
				SWIFT_VERSION = 5.0;
				TARGETED_DEVICE_FAMILY = "1,2";
			};
			name = Release;
		};
		D90C7F5827A1F6CE00D0AA27 /* Debug */ = {
			isa = XCBuildConfiguration;
			buildSettings = {
				ALWAYS_EMBED_SWIFT_STANDARD_LIBRARIES = YES;
				BUNDLE_LOADER = "$(TEST_HOST)";
				CODE_SIGN_STYLE = Automatic;
				INFOPLIST_FILE = MarvelTests/Info.plist;
				IPHONEOS_DEPLOYMENT_TARGET = 14.5;
				LD_RUNPATH_SEARCH_PATHS = (
					"$(inherited)",
					"@executable_path/Frameworks",
					"@loader_path/Frameworks",
				);
				PRODUCT_BUNDLE_IDENTIFIER = carlosdp.com.MarvelTests;
				PRODUCT_NAME = "$(TARGET_NAME)";
				SWIFT_VERSION = 5.0;
				TARGETED_DEVICE_FAMILY = "1,2";
				TEST_HOST = "$(BUILT_PRODUCTS_DIR)/Marvel.app/Marvel";
			};
			name = Debug;
		};
		D90C7F5927A1F6CE00D0AA27 /* Release */ = {
			isa = XCBuildConfiguration;
			buildSettings = {
				ALWAYS_EMBED_SWIFT_STANDARD_LIBRARIES = YES;
				BUNDLE_LOADER = "$(TEST_HOST)";
				CODE_SIGN_STYLE = Automatic;
				INFOPLIST_FILE = MarvelTests/Info.plist;
				IPHONEOS_DEPLOYMENT_TARGET = 14.5;
				LD_RUNPATH_SEARCH_PATHS = (
					"$(inherited)",
					"@executable_path/Frameworks",
					"@loader_path/Frameworks",
				);
				PRODUCT_BUNDLE_IDENTIFIER = carlosdp.com.MarvelTests;
				PRODUCT_NAME = "$(TARGET_NAME)";
				SWIFT_VERSION = 5.0;
				TARGETED_DEVICE_FAMILY = "1,2";
				TEST_HOST = "$(BUILT_PRODUCTS_DIR)/Marvel.app/Marvel";
			};
			name = Release;
		};
		D90C7F5B27A1F6CE00D0AA27 /* Debug */ = {
			isa = XCBuildConfiguration;
			buildSettings = {
				ALWAYS_EMBED_SWIFT_STANDARD_LIBRARIES = YES;
				CODE_SIGN_STYLE = Automatic;
				INFOPLIST_FILE = MarvelUITests/Info.plist;
				LD_RUNPATH_SEARCH_PATHS = (
					"$(inherited)",
					"@executable_path/Frameworks",
					"@loader_path/Frameworks",
				);
				PRODUCT_BUNDLE_IDENTIFIER = carlosdp.com.MarvelUITests;
				PRODUCT_NAME = "$(TARGET_NAME)";
				SWIFT_VERSION = 5.0;
				TARGETED_DEVICE_FAMILY = "1,2";
				TEST_TARGET_NAME = Marvel;
			};
			name = Debug;
		};
		D90C7F5C27A1F6CE00D0AA27 /* Release */ = {
			isa = XCBuildConfiguration;
			buildSettings = {
				ALWAYS_EMBED_SWIFT_STANDARD_LIBRARIES = YES;
				CODE_SIGN_STYLE = Automatic;
				INFOPLIST_FILE = MarvelUITests/Info.plist;
				LD_RUNPATH_SEARCH_PATHS = (
					"$(inherited)",
					"@executable_path/Frameworks",
					"@loader_path/Frameworks",
				);
				PRODUCT_BUNDLE_IDENTIFIER = carlosdp.com.MarvelUITests;
				PRODUCT_NAME = "$(TARGET_NAME)";
				SWIFT_VERSION = 5.0;
				TARGETED_DEVICE_FAMILY = "1,2";
				TEST_TARGET_NAME = Marvel;
			};
			name = Release;
		};
/* End XCBuildConfiguration section */

/* Begin XCConfigurationList section */
		D90C7F2527A1F6C900D0AA27 /* Build configuration list for PBXProject "Marvel" */ = {
			isa = XCConfigurationList;
			buildConfigurations = (
				D90C7F5227A1F6CE00D0AA27 /* Debug */,
				D90C7F5327A1F6CE00D0AA27 /* Release */,
			);
			defaultConfigurationIsVisible = 0;
			defaultConfigurationName = Release;
		};
		D90C7F5427A1F6CE00D0AA27 /* Build configuration list for PBXNativeTarget "Marvel" */ = {
			isa = XCConfigurationList;
			buildConfigurations = (
				D90C7F5527A1F6CE00D0AA27 /* Debug */,
				D90C7F5627A1F6CE00D0AA27 /* Release */,
			);
			defaultConfigurationIsVisible = 0;
			defaultConfigurationName = Release;
		};
		D90C7F5727A1F6CE00D0AA27 /* Build configuration list for PBXNativeTarget "MarvelTests" */ = {
			isa = XCConfigurationList;
			buildConfigurations = (
				D90C7F5827A1F6CE00D0AA27 /* Debug */,
				D90C7F5927A1F6CE00D0AA27 /* Release */,
			);
			defaultConfigurationIsVisible = 0;
			defaultConfigurationName = Release;
		};
		D90C7F5A27A1F6CE00D0AA27 /* Build configuration list for PBXNativeTarget "MarvelUITests" */ = {
			isa = XCConfigurationList;
			buildConfigurations = (
				D90C7F5B27A1F6CE00D0AA27 /* Debug */,
				D90C7F5C27A1F6CE00D0AA27 /* Release */,
			);
			defaultConfigurationIsVisible = 0;
			defaultConfigurationName = Release;
		};
/* End XCConfigurationList section */
	};
	rootObject = D90C7F2227A1F6C900D0AA27 /* Project object */;
}
